{
  "name": "caesura-web-spike",
  "lockfileVersion": 3,
  "requires": true,
  "packages": {
    "": {
      "name": "caesura-web-spike",
      "dependencies": {
        "wasmoon": "^2.0.0-next.0"
      }
    },
    "node_modules/@types/emscripten": {
      "version": "1.41.5",
      "resolved": "https://registry.npmmirror.com/@types/emscripten/-/emscripten-1.41.5.tgz",
      "integrity": "sha512-cMQm7pxu6BxtHyqJ7mQZ2kXWV5SLmugybFdHCBbJ5eHzOo6VhBckEgAT3//rP5FwPHNPeEiq4SmQ5ucBwsOo4Q==",
      "license": "MIT"
    },
    "node_modules/wasmoon": {
      "version": "2.0.0-next.0",
      "resolved": "https://registry.npmmirror.com/wasmoon/-/wasmoon-2.0.0-next.0.tgz",
      "integrity": "sha512-A9omJzpc/QwSucJKjuVtjw0odNk7A6sDhTWQQVNXWBZFP17jVhkJYB3kkjLdBfXYHUnlDRUb0pg3Qg8CXYRX0A==",
      "license": "MIT",
      "dependencies": {
        "@types/emscripten": "1.41.5"
      },
      "bin": {
        "wasmoon": "bin/wasmoon"
      }
    }
  }
}
