
Microsoft Visual Studio Solution File, Format Version 12.00
# Visual Studio Version 17
Project("{8BC9CEB8-8B4A-11D0-8D11-00A0C91BC942}") = "ALL_BUILD", "ALL_BUILD.vcxproj", "{579254EE-282D-3077-9004-A945C604D413}"
	ProjectSection(ProjectDependencies) = postProject
		{B775F7D0-693D-3883-9F06-808371BDC8B5} = {B775F7D0-693D-3883-9F06-808371BDC8B5}
		{1E4123B3-855A-3226-B552-C331AC27640B} = {1E4123B3-855A-3226-B552-C331AC27640B}
	EndProjectSection
EndProject
Project("{8BC9CEB8-8B4A-11D0-8D11-00A0C91BC942}") = "INSTALL", "INSTALL.vcxproj", "{9E659610-2F3B-39CA-B9D1-A0804F7B1BAB}"
	ProjectSection(ProjectDependencies) = postProject
		{579254EE-282D-3077-9004-A945C604D413} = {579254EE-282D-3077-9004-A945C604D413}
		{B775F7D0-693D-3883-9F06-808371BDC8B5} = {B775F7D0-693D-3883-9F06-808371BDC8B5}
	EndProjectSection
EndProject
Project("{8BC9CEB8-8B4A-11D0-8D11-00A0C91BC942}") = "PACKAGE", "PACKAGE.vcxproj", "{02F14A5A-D788-33CF-89A6-EB4B7302D443}"
	ProjectSection(ProjectDependencies) = postProject
		{579254EE-282D-3077-9004-A945C604D413} = {579254EE-282D-3077-9004-A945C604D413}
		{B775F7D0-693D-3883-9F06-808371BDC8B5} = {B775F7D0-693D-3883-9F06-808371BDC8B5}
	EndProjectSection
EndProject
Project("{8BC9CEB8-8B4A-11D0-8D11-00A0C91BC942}") = "RUN_TESTS", "RUN_TESTS.vcxproj", "{EB0ABDDB-AC27-35CB-A1A0-96300F732E80}"
	ProjectSection(ProjectDependencies) = postProject
		{B775F7D0-693D-3883-9F06-808371BDC8B5} = {B775F7D0-693D-3883-9F06-808371BDC8B5}
	EndProjectSection
EndProject
Project("{8BC9CEB8-8B4A-11D0-8D11-00A0C91BC942}") = "ZERO_CHECK", "..\ZERO_CHECK.vcxproj", "{B775F7D0-693D-3883-9F06-808371BDC8B5}"
	ProjectSection(ProjectDependencies) = postProject
	EndProjectSection
EndProject
Project("{8BC9CEB8-8B4A-11D0-8D11-00A0C91BC942}") = "clean-all", "clean-all.vcxproj", "{807B859B-8070-364A-B69C-F78E23BEC7F8}"
	ProjectSection(ProjectDependencies) = postProject
		{B775F7D0-693D-3883-9F06-808371BDC8B5} = {B775F7D0-693D-3883-9F06-808371BDC8B5}
	EndProjectSection
EndProject
Project("{8BC9CEB8-8B4A-11D0-8D11-00A0C91BC942}") = "libzstd_static", "lib\libzstd_static.vcxproj", "{1E4123B3-855A-3226-B552-C331AC27640B}"
	ProjectSection(ProjectDependencies) = postProject
		{B775F7D0-693D-3883-9F06-808371BDC8B5} = {B775F7D0-693D-3883-9F06-808371BDC8B5}
	EndProjectSection
EndProject
Project("{8BC9CEB8-8B4A-11D0-8D11-00A0C91BC942}") = "uninstall", "lib\uninstall.vcxproj", "{5E769981-2C1A-3BA9-9835-14DA9214725E}"
	ProjectSection(ProjectDependencies) = postProject
		{B775F7D0-693D-3883-9F06-808371BDC8B5} = {B775F7D0-693D-3883-9F06-808371BDC8B5}
	EndProjectSection
EndProject
Global
	GlobalSection(SolutionConfigurationPlatforms) = preSolution
		Debug|x64 = Debug|x64
		Release|x64 = Release|x64
		MinSizeRel|x64 = MinSizeRel|x64
		RelWithDebInfo|x64 = RelWithDebInfo|x64
	EndGlobalSection
	GlobalSection(ProjectConfigurationPlatforms) = postSolution
		{579254EE-282D-3077-9004-A945C604D413}.Debug|x64.ActiveCfg = Debug|x64
		{579254EE-282D-3077-9004-A945C604D413}.Debug|x64.Build.0 = Debug|x64
		{579254EE-282D-3077-9004-A945C604D413}.Release|x64.ActiveCfg = Release|x64
		{579254EE-282D-3077-9004-A945C604D413}.Release|x64.Build.0 = Release|x64
		{579254EE-282D-3077-9004-A945C604D413}.MinSizeRel|x64.ActiveCfg = MinSizeRel|x64
		{579254EE-282D-3077-9004-A945C604D413}.MinSizeRel|x64.Build.0 = MinSizeRel|x64
		{579254EE-282D-3077-9004-A945C604D413}.RelWithDebInfo|x64.ActiveCfg = RelWithDebInfo|x64
		{579254EE-282D-3077-9004-A945C604D413}.RelWithDebInfo|x64.Build.0 = RelWithDebInfo|x64
		{9E659610-2F3B-39CA-B9D1-A0804F7B1BAB}.Debug|x64.ActiveCfg = Debug|x64
		{9E659610-2F3B-39CA-B9D1-A0804F7B1BAB}.Release|x64.ActiveCfg = Release|x64
		{9E659610-2F3B-39CA-B9D1-A0804F7B1BAB}.MinSizeRel|x64.ActiveCfg = MinSizeRel|x64
		{9E659610-2F3B-39CA-B9D1-A0804F7B1BAB}.RelWithDebInfo|x64.ActiveCfg = RelWithDebInfo|x64
		{02F14A5A-D788-33CF-89A6-EB4B7302D443}.Debug|x64.ActiveCfg = Debug|x64
		{02F14A5A-D788-33CF-89A6-EB4B7302D443}.Release|x64.ActiveCfg = Release|x64
		{02F14A5A-D788-33CF-89A6-EB4B7302D443}.MinSizeRel|x64.ActiveCfg = MinSizeRel|x64
		{02F14A5A-D788-33CF-89A6-EB4B7302D443}.RelWithDebInfo|x64.ActiveCfg = RelWithDebInfo|x64
		{EB0ABDDB-AC27-35CB-A1A0-96300F732E80}.Debug|x64.ActiveCfg = Debug|x64
		{EB0ABDDB-AC27-35CB-A1A0-96300F732E80}.Release|x64.ActiveCfg = Release|x64
		{EB0ABDDB-AC27-35CB-A1A0-96300F732E80}.MinSizeRel|x64.ActiveCfg = MinSizeRel|x64
		{EB0ABDDB-AC27-35CB-A1A0-96300F732E80}.RelWithDebInfo|x64.ActiveCfg = RelWithDebInfo|x64
		{B775F7D0-693D-3883-9F06-808371BDC8B5}.Debug|x64.ActiveCfg = Debug|x64
		{B775F7D0-693D-3883-9F06-808371BDC8B5}.Debug|x64.Build.0 = Debug|x64
		{B775F7D0-693D-3883-9F06-808371BDC8B5}.Release|x64.ActiveCfg = Release|x64
		{B775F7D0-693D-3883-9F06-808371BDC8B5}.Release|x64.Build.0 = Release|x64
		{B775F7D0-693D-3883-9F06-808371BDC8B5}.MinSizeRel|x64.ActiveCfg = MinSizeRel|x64
		{B775F7D0-693D-3883-9F06-808371BDC8B5}.MinSizeRel|x64.Build.0 = MinSizeRel|x64
		{B775F7D0-693D-3883-9F06-808371BDC8B5}.RelWithDebInfo|x64.ActiveCfg = RelWithDebInfo|x64
		{B775F7D0-693D-3883-9F06-808371BDC8B5}.RelWithDebInfo|x64.Build.0 = RelWithDebInfo|x64
		{807B859B-8070-364A-B69C-F78E23BEC7F8}.Debug|x64.ActiveCfg = Debug|x64
		{807B859B-8070-364A-B69C-F78E23BEC7F8}.Release|x64.ActiveCfg = Release|x64
		{807B859B-8070-364A-B69C-F78E23BEC7F8}.MinSizeRel|x64.ActiveCfg = MinSizeRel|x64
		{807B859B-8070-364A-B69C-F78E23BEC7F8}.RelWithDebInfo|x64.ActiveCfg = RelWithDebInfo|x64
		{1E4123B3-855A-3226-B552-C331AC27640B}.Debug|x64.ActiveCfg = Debug|x64
		{1E4123B3-855A-3226-B552-C331AC27640B}.Debug|x64.Build.0 = Debug|x64
		{1E4123B3-855A-3226-B552-C331AC27640B}.Release|x64.ActiveCfg = Release|x64
		{1E4123B3-855A-3226-B552-C331AC27640B}.Release|x64.Build.0 = Release|x64
		{1E4123B3-855A-3226-B552-C331AC27640B}.MinSizeRel|x64.ActiveCfg = MinSizeRel|x64
		{1E4123B3-855A-3226-B552-C331AC27640B}.MinSizeRel|x64.Build.0 = MinSizeRel|x64
		{1E4123B3-855A-3226-B552-C331AC27640B}.RelWithDebInfo|x64.ActiveCfg = RelWithDebInfo|x64
		{1E4123B3-855A-3226-B552-C331AC27640B}.RelWithDebInfo|x64.Build.0 = RelWithDebInfo|x64
		{5E769981-2C1A-3BA9-9835-14DA9214725E}.Debug|x64.ActiveCfg = Debug|x64
		{5E769981-2C1A-3BA9-9835-14DA9214725E}.Release|x64.ActiveCfg = Release|x64
		{5E769981-2C1A-3BA9-9835-14DA9214725E}.MinSizeRel|x64.ActiveCfg = MinSizeRel|x64
		{5E769981-2C1A-3BA9-9835-14DA9214725E}.RelWithDebInfo|x64.ActiveCfg = RelWithDebInfo|x64
	EndGlobalSection
	GlobalSection(ExtensibilityGlobals) = postSolution
		SolutionGuid = {5C35C740-7D7A-34E6-8547-BA6043DF46AA}
	EndGlobalSection
	GlobalSection(ExtensibilityAddIns) = postSolution
	EndGlobalSection
EndGlobal
