<?xml version="1.0" encoding="utf-8"?>
<Project ToolsVersion="17.0" xmlns="http://schemas.microsoft.com/developer/msbuild/2003">
  <ItemGroup>
    <ClCompile Include="D:\文件存放处\codex\Caesura(AmeKAG)\tests\cpp\test_main.cpp">
      <Filter>Source Files</Filter>
    </ClCompile>
    <ClCompile Include="D:\文件存放处\codex\Caesura(AmeKAG)\tests\cpp\test_core.cpp">
      <Filter>Source Files</Filter>
    </ClCompile>
    <ClCompile Include="D:\文件存放处\codex\Caesura(AmeKAG)\tests\cpp\test_carc.cpp">
      <Filter>Source Files</Filter>
    </ClCompile>
    <ClCompile Include="D:\文件存放处\codex\Caesura(AmeKAG)\tests\cpp\test_carc_debug.cpp">
      <Filter>Source Files</Filter>
    </ClCompile>
    <ClCompile Include="D:\文件存放处\codex\Caesura(AmeKAG)\tests\cpp\test_system.cpp">
      <Filter>Source Files</Filter>
    </ClCompile>
    <ClCompile Include="D:\文件存放处\codex\Caesura(AmeKAG)\tests\cpp\test_source_encoding.cpp">
      <Filter>Source Files</Filter>
    </ClCompile>
    <ClCompile Include="D:\文件存放处\codex\Caesura(AmeKAG)\tests\cpp\test_resource.cpp">
      <Filter>Source Files</Filter>
    </ClCompile>
    <ClCompile Include="D:\文件存放处\codex\Caesura(AmeKAG)\tests\cpp\test_debug.cpp">
      <Filter>Source Files</Filter>
    </ClCompile>
    <ClCompile Include="D:\文件存放处\codex\Caesura(AmeKAG)\tests\cpp\test_hotreload_integration.cpp">
      <Filter>Source Files</Filter>
    </ClCompile>
    <ClCompile Include="D:\文件存放处\codex\Caesura(AmeKAG)\tests\cpp\test_demo_smoke.cpp">
      <Filter>Source Files</Filter>
    </ClCompile>
    <ClCompile Include="D:\文件存放处\codex\Caesura(AmeKAG)\tests\cpp\test_demo_e2e.cpp">
      <Filter>Source Files</Filter>
    </ClCompile>
    <ClCompile Include="D:\文件存放处\codex\Caesura(AmeKAG)\tests\cpp\test_input.cpp">
      <Filter>Source Files</Filter>
    </ClCompile>
    <ClCompile Include="D:\文件存放处\codex\Caesura(AmeKAG)\tests\cpp\test_async.cpp">
      <Filter>Source Files</Filter>
    </ClCompile>
    <ClCompile Include="D:\文件存放处\codex\Caesura(AmeKAG)\tests\cpp\test_null_jobsystem.cpp">
      <Filter>Source Files</Filter>
    </ClCompile>
    <ClCompile Include="D:\文件存放处\codex\Caesura(AmeKAG)\tests\cpp\test_job_system.cpp">
      <Filter>Source Files</Filter>
    </ClCompile>
    <ClCompile Include="D:\文件存放处\codex\Caesura(AmeKAG)\tests\cpp\test_image_decoder.cpp">
      <Filter>Source Files</Filter>
    </ClCompile>
    <ClCompile Include="D:\文件存放处\codex\Caesura(AmeKAG)\tests\cpp\test_audio.cpp">
      <Filter>Source Files</Filter>
    </ClCompile>
    <ClCompile Include="D:\文件存放处\codex\Caesura(AmeKAG)\tests\cpp\test_audio_integration.cpp">
      <Filter>Source Files</Filter>
    </ClCompile>
    <ClCompile Include="D:\文件存放处\codex\Caesura(AmeKAG)\tests\cpp\test_lua_manager.cpp">
      <Filter>Source Files</Filter>
    </ClCompile>
    <ClCompile Include="D:\文件存放处\codex\Caesura(AmeKAG)\tests\cpp\test_script_bindings.cpp">
      <Filter>Source Files</Filter>
    </ClCompile>
    <ClCompile Include="D:\文件存放处\codex\Caesura(AmeKAG)\tests\cpp\test_script_boundary.cpp">
      <Filter>Source Files</Filter>
    </ClCompile>
    <ClCompile Include="D:\文件存放处\codex\Caesura(AmeKAG)\tests\cpp\test_game_state.cpp">
      <Filter>Source Files</Filter>
    </ClCompile>
    <ClCompile Include="D:\文件存放处\codex\Caesura(AmeKAG)\tests\cpp\test_texture_budget_edge.cpp">
      <Filter>Source Files</Filter>
    </ClCompile>
    <ClCompile Include="D:\文件存放处\codex\Caesura(AmeKAG)\tests\cpp\test_resource_handle.cpp">
      <Filter>Source Files</Filter>
    </ClCompile>
    <ClCompile Include="D:\文件存放处\codex\Caesura(AmeKAG)\tests\cpp\test_error_ui.cpp">
      <Filter>Source Files</Filter>
    </ClCompile>
    <ClCompile Include="D:\文件存放处\codex\Caesura(AmeKAG)\tests\cpp\test_entry.cpp">
      <Filter>Source Files</Filter>
    </ClCompile>
    <ClCompile Include="D:\文件存放处\codex\Caesura(AmeKAG)\tests\cpp\test_di.cpp">
      <Filter>Source Files</Filter>
    </ClCompile>
    <ClCompile Include="D:\文件存放处\codex\Caesura(AmeKAG)\tests\cpp\test_minigame.cpp">
      <Filter>Source Files</Filter>
    </ClCompile>
    <ClCompile Include="D:\文件存放处\codex\Caesura(AmeKAG)\tests\cpp\test_platform.cpp">
      <Filter>Source Files</Filter>
    </ClCompile>
    <ClCompile Include="D:\文件存放处\codex\Caesura(AmeKAG)\tests\cpp\test_storage.cpp">
      <Filter>Source Files</Filter>
    </ClCompile>
    <ClCompile Include="D:\文件存放处\codex\Caesura(AmeKAG)\tests\cpp\test_save_migration.cpp">
      <Filter>Source Files</Filter>
    </ClCompile>
    <ClCompile Include="D:\文件存放处\codex\Caesura(AmeKAG)\tests\cpp\test_save_roundtrip.cpp">
      <Filter>Source Files</Filter>
    </ClCompile>
    <ClCompile Include="D:\文件存放处\codex\Caesura(AmeKAG)\tests\cpp\test_mobile_adapter.cpp">
      <Filter>Source Files</Filter>
    </ClCompile>
    <ClCompile Include="D:\文件存放处\codex\Caesura(AmeKAG)\tests\cpp\test_render_device.cpp">
      <Filter>Source Files</Filter>
    </ClCompile>
    <ClCompile Include="D:\文件存放处\codex\Caesura(AmeKAG)\tests\cpp\test_render_pipeline.cpp">
      <Filter>Source Files</Filter>
    </ClCompile>
    <ClCompile Include="D:\文件存放处\codex\Caesura(AmeKAG)\tests\cpp\test_render_integration.cpp">
      <Filter>Source Files</Filter>
    </ClCompile>
    <ClCompile Include="D:\文件存放处\codex\Caesura(AmeKAG)\tests\cpp\test_rpc.cpp">
      <Filter>Source Files</Filter>
    </ClCompile>
    <ClCompile Include="D:\文件存放处\codex\Caesura(AmeKAG)\tests\cpp\test_backend_registry.cpp">
      <Filter>Source Files</Filter>
    </ClCompile>
    <ClCompile Include="D:\文件存放处\codex\Caesura(AmeKAG)\tests\cpp\test_layer_manager.cpp">
      <Filter>Source Files</Filter>
    </ClCompile>
    <ClCompile Include="D:\文件存放处\codex\Caesura(AmeKAG)\tests\cpp\test_texture_manager.cpp">
      <Filter>Source Files</Filter>
    </ClCompile>
    <ClCompile Include="D:\文件存放处\codex\Caesura(AmeKAG)\tests\cpp\test_kag_binding.cpp">
      <Filter>Source Files</Filter>
    </ClCompile>
    <ClCompile Include="D:\文件存放处\codex\Caesura(AmeKAG)\tests\cpp\test_kag_integration.cpp">
      <Filter>Source Files</Filter>
    </ClCompile>
    <ClCompile Include="D:\文件存放处\codex\Caesura(AmeKAG)\tests\cpp\test_kag_execution.cpp">
      <Filter>Source Files</Filter>
    </ClCompile>
    <ClCompile Include="D:\文件存放处\codex\Caesura(AmeKAG)\tests\cpp\test_galgame_startup.cpp">
      <Filter>Source Files</Filter>
    </ClCompile>
    <ClCompile Include="D:\文件存放处\codex\Caesura(AmeKAG)\tests\cpp\test_sandbox_quota.cpp">
      <Filter>Source Files</Filter>
    </ClCompile>
    <ClCompile Include="D:\文件存放处\codex\Caesura(AmeKAG)\tests\cpp\test_particle_system.cpp">
      <Filter>Source Files</Filter>
    </ClCompile>
    <ClCompile Include="D:\文件存放处\codex\Caesura(AmeKAG)\tests\cpp\test_engine_lifecycle.cpp">
      <Filter>Source Files</Filter>
    </ClCompile>
    <ClCompile Include="D:\文件存放处\codex\Caesura(AmeKAG)\tests\cpp\test_mini_game.cpp">
      <Filter>Source Files</Filter>
    </ClCompile>
    <ClCompile Include="D:\文件存放处\codex\Caesura(AmeKAG)\tests\cpp\test_steam.cpp">
      <Filter>Source Files</Filter>
    </ClCompile>
    <ClCompile Include="D:\文件存放处\codex\Caesura(AmeKAG)\tests\cpp\test_live2d.cpp">
      <Filter>Source Files</Filter>
    </ClCompile>
    <ClCompile Include="D:\文件存放处\codex\Caesura(AmeKAG)\tests\cpp\test_archive.cpp">
      <Filter>Source Files</Filter>
    </ClCompile>
  </ItemGroup>
  <ItemGroup>
    <CustomBuild Include="D:\文件存放处\codex\Caesura(AmeKAG)\tests\CMakeLists.txt" />
  </ItemGroup>
  <ItemGroup>
    <Filter Include="Source Files">
      <UniqueIdentifier>{5E2E2E67-C1D9-3769-A95A-2FDAA7ED2E0A}</UniqueIdentifier>
    </Filter>
  </ItemGroup>
</Project>
