<?xml version="1.0" encoding="utf-8"?>
<Project ToolsVersion="17.0" xmlns="http://schemas.microsoft.com/developer/msbuild/2003">
  <ItemGroup>
    <CustomBuild Include="D:\文件存放处\codex\Caesura(AmeKAG)\build-repro-verify\CMakeFiles\7ba7a94db1f04994c28ec22fb99d4492\PACKAGE_force.rule">
      <Filter>CMake Rules</Filter>
    </CustomBuild>
  </ItemGroup>
  <ItemGroup>
    <Filter Include="CMake Rules">
      <UniqueIdentifier>{C6AC20B7-4AFF-3CE6-96F7-1CD91190ECFE}</UniqueIdentifier>
    </Filter>
  </ItemGroup>
</Project>
