<?xml version="1.0" encoding="utf-8"?>
<Project ToolsVersion="17.0" xmlns="http://schemas.microsoft.com/developer/msbuild/2003">
  <ItemGroup>
    <ClCompile Include="D:\文件存放处\codex\Caesura(AmeKAG)\external\bgfx\bgfx\src\bgfx.cpp">
      <Filter>Source Files</Filter>
    </ClCompile>
    <ClCompile Include="D:\文件存放处\codex\Caesura(AmeKAG)\external\bgfx\bgfx\src\debug_renderdoc.cpp">
      <Filter>Source Files</Filter>
    </ClCompile>
    <ClCompile Include="D:\文件存放处\codex\Caesura(AmeKAG)\external\bgfx\bgfx\src\dxgi.cpp">
      <Filter>Source Files</Filter>
    </ClCompile>
    <ClCompile Include="D:\文件存放处\codex\Caesura(AmeKAG)\external\bgfx\bgfx\src\glcontext_egl.cpp">
      <Filter>Source Files</Filter>
    </ClCompile>
    <ClCompile Include="D:\文件存放处\codex\Caesura(AmeKAG)\external\bgfx\bgfx\src\glcontext_html5.cpp">
      <Filter>Source Files</Filter>
    </ClCompile>
    <ClCompile Include="D:\文件存放处\codex\Caesura(AmeKAG)\external\bgfx\bgfx\src\glcontext_wgl.cpp">
      <Filter>Source Files</Filter>
    </ClCompile>
    <ClCompile Include="D:\文件存放处\codex\Caesura(AmeKAG)\external\bgfx\bgfx\src\nvapi.cpp">
      <Filter>Source Files</Filter>
    </ClCompile>
    <ClCompile Include="D:\文件存放处\codex\Caesura(AmeKAG)\external\bgfx\bgfx\src\renderer_agc.cpp">
      <Filter>Source Files</Filter>
    </ClCompile>
    <ClCompile Include="D:\文件存放处\codex\Caesura(AmeKAG)\external\bgfx\bgfx\src\renderer_d3d11.cpp">
      <Filter>Source Files</Filter>
    </ClCompile>
    <ClCompile Include="D:\文件存放处\codex\Caesura(AmeKAG)\external\bgfx\bgfx\src\renderer_d3d12.cpp">
      <Filter>Source Files</Filter>
    </ClCompile>
    <ClCompile Include="D:\文件存放处\codex\Caesura(AmeKAG)\external\bgfx\bgfx\src\renderer_gl.cpp">
      <Filter>Source Files</Filter>
    </ClCompile>
    <ClCompile Include="D:\文件存放处\codex\Caesura(AmeKAG)\external\bgfx\bgfx\src\renderer_gnm.cpp">
      <Filter>Source Files</Filter>
    </ClCompile>
    <ClCompile Include="D:\文件存放处\codex\Caesura(AmeKAG)\external\bgfx\bgfx\src\renderer_mtl.cpp">
      <Filter>Source Files</Filter>
    </ClCompile>
    <ClCompile Include="D:\文件存放处\codex\Caesura(AmeKAG)\external\bgfx\bgfx\src\renderer_noop.cpp">
      <Filter>Source Files</Filter>
    </ClCompile>
    <ClCompile Include="D:\文件存放处\codex\Caesura(AmeKAG)\external\bgfx\bgfx\src\renderer_nvn.cpp">
      <Filter>Source Files</Filter>
    </ClCompile>
    <ClCompile Include="D:\文件存放处\codex\Caesura(AmeKAG)\external\bgfx\bgfx\src\renderer_vk.cpp">
      <Filter>Source Files</Filter>
    </ClCompile>
    <ClCompile Include="D:\文件存放处\codex\Caesura(AmeKAG)\external\bgfx\bgfx\src\renderer_webgpu.cpp">
      <Filter>Source Files</Filter>
    </ClCompile>
    <ClCompile Include="D:\文件存放处\codex\Caesura(AmeKAG)\external\bgfx\bgfx\src\shader.cpp">
      <Filter>Source Files</Filter>
    </ClCompile>
    <ClCompile Include="D:\文件存放处\codex\Caesura(AmeKAG)\external\bgfx\bgfx\src\topology.cpp">
      <Filter>Source Files</Filter>
    </ClCompile>
    <ClCompile Include="D:\文件存放处\codex\Caesura(AmeKAG)\external\bgfx\bgfx\src\vertexlayout.cpp">
      <Filter>Source Files</Filter>
    </ClCompile>
  </ItemGroup>
  <ItemGroup>
    <ClInclude Include="D:\文件存放处\codex\Caesura(AmeKAG)\external\bgfx\bgfx\include\bgfx\bgfx.h">
      <Filter>Header Files</Filter>
    </ClInclude>
    <ClInclude Include="D:\文件存放处\codex\Caesura(AmeKAG)\external\bgfx\bgfx\include\bgfx\c99\bgfx.h">
      <Filter>Header Files</Filter>
    </ClInclude>
    <ClInclude Include="D:\文件存放处\codex\Caesura(AmeKAG)\external\bgfx\bgfx\include\bgfx\defines.h">
      <Filter>Header Files</Filter>
    </ClInclude>
    <ClInclude Include="D:\文件存放处\codex\Caesura(AmeKAG)\external\bgfx\bgfx\include\bgfx\embedded_shader.h">
      <Filter>Header Files</Filter>
    </ClInclude>
    <ClInclude Include="D:\文件存放处\codex\Caesura(AmeKAG)\external\bgfx\bgfx\include\bgfx\platform.h">
      <Filter>Header Files</Filter>
    </ClInclude>
  </ItemGroup>
  <ItemGroup>
    <CustomBuild Include="D:\文件存放处\codex\Caesura(AmeKAG)\external\bgfx\bgfx\CMakeLists.txt" />
  </ItemGroup>
  <ItemGroup>
    <Filter Include="Header Files">
      <UniqueIdentifier>{2F3F5859-263F-33DC-A587-46E6E6D51846}</UniqueIdentifier>
    </Filter>
    <Filter Include="Source Files">
      <UniqueIdentifier>{212F4385-37EC-34C7-B8BA-2EFECC7AE6E5}</UniqueIdentifier>
    </Filter>
  </ItemGroup>
</Project>
