<?xml version="1.0" encoding="utf-8"?>
<Project ToolsVersion="17.0" xmlns="http://schemas.microsoft.com/developer/msbuild/2003">
  <ItemGroup>
    <ClCompile Include="D:\文件存放处\codex\Caesura(AmeKAG)\src\archive\CryptoEngine.cpp">
      <Filter>Source Files</Filter>
    </ClCompile>
    <ClCompile Include="D:\文件存放处\codex\Caesura(AmeKAG)\src\archive\CARCReader.cpp">
      <Filter>Source Files</Filter>
    </ClCompile>
    <ClCompile Include="D:\文件存放处\codex\Caesura(AmeKAG)\src\archive\CARCWriter.cpp">
      <Filter>Source Files</Filter>
    </ClCompile>
    <ClCompile Include="D:\文件存放处\codex\Caesura(AmeKAG)\src\archive\CarcAssetProvider.cpp">
      <Filter>Source Files</Filter>
    </ClCompile>
    <ClCompile Include="D:\文件存放处\codex\Caesura(AmeKAG)\src\archive\CRLManager.cpp">
      <Filter>Source Files</Filter>
    </ClCompile>
    <ClCompile Include="D:\文件存放处\codex\Caesura(AmeKAG)\src\archive\DeltaCARC.cpp">
      <Filter>Source Files</Filter>
    </ClCompile>
  </ItemGroup>
  <ItemGroup>
    <CustomBuild Include="D:\文件存放处\codex\Caesura(AmeKAG)\CMakeLists.txt" />
  </ItemGroup>
  <ItemGroup>
    <Filter Include="Source Files">
      <UniqueIdentifier>{212F4385-37EC-34C7-B8BA-2EFECC7AE6E5}</UniqueIdentifier>
    </Filter>
  </ItemGroup>
</Project>
