
Microsoft Visual Studio Solution File, Format Version 12.00
# Visual Studio Version 17
Project("{8BC9CEB8-8B4A-11D0-8D11-00A0C91BC942}") = "ALL_BUILD", "ALL_BUILD.vcxproj", "{6ADFDEC3-DB31-31B5-8463-02ACB8DB1278}"
	ProjectSection(ProjectDependencies) = postProject
		{DB765AAE-8F31-3CDA-8AD9-5D58D55D3FBE} = {DB765AAE-8F31-3CDA-8AD9-5D58D55D3FBE}
		{5CEEB576-1AF0-36CA-BE99-C6D5AA3C6D77} = {5CEEB576-1AF0-36CA-BE99-C6D5AA3C6D77}
		{4B97878B-5732-35A3-9624-D9174C747DF1} = {4B97878B-5732-35A3-9624-D9174C747DF1}
		{B500CB3F-415B-362E-9FD8-CCF929F5F57C} = {B500CB3F-415B-362E-9FD8-CCF929F5F57C}
		{D94DB78A-0743-3F2A-A6E7-28A97659B5E2} = {D94DB78A-0743-3F2A-A6E7-28A97659B5E2}
		{5A545E50-EE8C-3230-86DC-0DEF96DA3D6D} = {5A545E50-EE8C-3230-86DC-0DEF96DA3D6D}
		{353FDC3D-A7E0-350C-A666-7C7B052C6C5C} = {353FDC3D-A7E0-350C-A666-7C7B052C6C5C}
		{334381E2-F926-3083-9B51-1F204026B036} = {334381E2-F926-3083-9B51-1F204026B036}
		{2CD6BA8D-253C-3CF5-9619-C53969728D15} = {2CD6BA8D-253C-3CF5-9619-C53969728D15}
		{293464E4-DBE2-38E1-83C6-A4EF4F309435} = {293464E4-DBE2-38E1-83C6-A4EF4F309435}
		{BB4DCEF4-4C2A-3A46-8BB9-5F6CCC3DDC23} = {BB4DCEF4-4C2A-3A46-8BB9-5F6CCC3DDC23}
		{C5928DA3-4ACA-329A-965C-F9191B06EC06} = {C5928DA3-4ACA-329A-965C-F9191B06EC06}
		{4CCE9227-AA02-3247-A5DD-51BBC72DA12B} = {4CCE9227-AA02-3247-A5DD-51BBC72DA12B}
		{E05A1CAB-E363-32D6-A6CE-E1E18C958CB5} = {E05A1CAB-E363-32D6-A6CE-E1E18C958CB5}
		{1755E103-005B-3B75-AF00-6F959EF417DB} = {1755E103-005B-3B75-AF00-6F959EF417DB}
		{370AA409-EA53-3F50-9F6F-9B7351839831} = {370AA409-EA53-3F50-9F6F-9B7351839831}
		{844DAF51-F72C-3795-927F-07DBD3EBF241} = {844DAF51-F72C-3795-927F-07DBD3EBF241}
		{D9EB27FD-4FAC-31BA-AEA8-658079A2EBD5} = {D9EB27FD-4FAC-31BA-AEA8-658079A2EBD5}
		{4EC44F3F-651B-356D-8EA2-C61284B1A10D} = {4EC44F3F-651B-356D-8EA2-C61284B1A10D}
		{D6D8BE22-F42F-35F2-B542-4E19D94C6370} = {D6D8BE22-F42F-35F2-B542-4E19D94C6370}
		{846C1248-A85B-31B8-B29F-FE0F5371CE05} = {846C1248-A85B-31B8-B29F-FE0F5371CE05}
		{DAF97DE6-BE4B-3AAD-8490-DA095FB67649} = {DAF97DE6-BE4B-3AAD-8490-DA095FB67649}
		{00E23E73-5FC3-30B8-9850-BF6D232B766B} = {00E23E73-5FC3-30B8-9850-BF6D232B766B}
		{464BF97D-25D4-39F8-969F-F7EE9B32DD44} = {464BF97D-25D4-39F8-969F-F7EE9B32DD44}
		{78CF0A67-1FA5-3C4D-BF7D-3FDB98F49342} = {78CF0A67-1FA5-3C4D-BF7D-3FDB98F49342}
		{4E23ABB2-ED9A-3D07-BFA9-A3CE644065CB} = {4E23ABB2-ED9A-3D07-BFA9-A3CE644065CB}
		{BD1D10E3-E66F-3546-A61F-DC746B60BD57} = {BD1D10E3-E66F-3546-A61F-DC746B60BD57}
		{6986A299-EA9B-3A2F-942B-3152D5A94194} = {6986A299-EA9B-3A2F-942B-3152D5A94194}
	EndProjectSection
EndProject
Project("{8BC9CEB8-8B4A-11D0-8D11-00A0C91BC942}") = "CaesuraAmeKAG", "CaesuraAmeKAG.vcxproj", "{DB765AAE-8F31-3CDA-8AD9-5D58D55D3FBE}"
	ProjectSection(ProjectDependencies) = postProject
		{5CEEB576-1AF0-36CA-BE99-C6D5AA3C6D77} = {5CEEB576-1AF0-36CA-BE99-C6D5AA3C6D77}
		{4B97878B-5732-35A3-9624-D9174C747DF1} = {4B97878B-5732-35A3-9624-D9174C747DF1}
		{B500CB3F-415B-362E-9FD8-CCF929F5F57C} = {B500CB3F-415B-362E-9FD8-CCF929F5F57C}
		{D94DB78A-0743-3F2A-A6E7-28A97659B5E2} = {D94DB78A-0743-3F2A-A6E7-28A97659B5E2}
		{5A545E50-EE8C-3230-86DC-0DEF96DA3D6D} = {5A545E50-EE8C-3230-86DC-0DEF96DA3D6D}
		{353FDC3D-A7E0-350C-A666-7C7B052C6C5C} = {353FDC3D-A7E0-350C-A666-7C7B052C6C5C}
		{334381E2-F926-3083-9B51-1F204026B036} = {334381E2-F926-3083-9B51-1F204026B036}
		{2CD6BA8D-253C-3CF5-9619-C53969728D15} = {2CD6BA8D-253C-3CF5-9619-C53969728D15}
		{293464E4-DBE2-38E1-83C6-A4EF4F309435} = {293464E4-DBE2-38E1-83C6-A4EF4F309435}
		{BB4DCEF4-4C2A-3A46-8BB9-5F6CCC3DDC23} = {BB4DCEF4-4C2A-3A46-8BB9-5F6CCC3DDC23}
		{C5928DA3-4ACA-329A-965C-F9191B06EC06} = {C5928DA3-4ACA-329A-965C-F9191B06EC06}
		{4CCE9227-AA02-3247-A5DD-51BBC72DA12B} = {4CCE9227-AA02-3247-A5DD-51BBC72DA12B}
		{E05A1CAB-E363-32D6-A6CE-E1E18C958CB5} = {E05A1CAB-E363-32D6-A6CE-E1E18C958CB5}
		{1755E103-005B-3B75-AF00-6F959EF417DB} = {1755E103-005B-3B75-AF00-6F959EF417DB}
		{370AA409-EA53-3F50-9F6F-9B7351839831} = {370AA409-EA53-3F50-9F6F-9B7351839831}
		{844DAF51-F72C-3795-927F-07DBD3EBF241} = {844DAF51-F72C-3795-927F-07DBD3EBF241}
		{4EC44F3F-651B-356D-8EA2-C61284B1A10D} = {4EC44F3F-651B-356D-8EA2-C61284B1A10D}
		{D6D8BE22-F42F-35F2-B542-4E19D94C6370} = {D6D8BE22-F42F-35F2-B542-4E19D94C6370}
		{846C1248-A85B-31B8-B29F-FE0F5371CE05} = {846C1248-A85B-31B8-B29F-FE0F5371CE05}
		{DAF97DE6-BE4B-3AAD-8490-DA095FB67649} = {DAF97DE6-BE4B-3AAD-8490-DA095FB67649}
		{464BF97D-25D4-39F8-969F-F7EE9B32DD44} = {464BF97D-25D4-39F8-969F-F7EE9B32DD44}
		{78CF0A67-1FA5-3C4D-BF7D-3FDB98F49342} = {78CF0A67-1FA5-3C4D-BF7D-3FDB98F49342}
		{4E23ABB2-ED9A-3D07-BFA9-A3CE644065CB} = {4E23ABB2-ED9A-3D07-BFA9-A3CE644065CB}
		{BD1D10E3-E66F-3546-A61F-DC746B60BD57} = {BD1D10E3-E66F-3546-A61F-DC746B60BD57}
		{6986A299-EA9B-3A2F-942B-3152D5A94194} = {6986A299-EA9B-3A2F-942B-3152D5A94194}
	EndProjectSection
EndProject
Project("{8BC9CEB8-8B4A-11D0-8D11-00A0C91BC942}") = "CaesuraArchive", "CaesuraArchive.vcxproj", "{5CEEB576-1AF0-36CA-BE99-C6D5AA3C6D77}"
	ProjectSection(ProjectDependencies) = postProject
		{4EC44F3F-651B-356D-8EA2-C61284B1A10D} = {4EC44F3F-651B-356D-8EA2-C61284B1A10D}
		{464BF97D-25D4-39F8-969F-F7EE9B32DD44} = {464BF97D-25D4-39F8-969F-F7EE9B32DD44}
		{4E23ABB2-ED9A-3D07-BFA9-A3CE644065CB} = {4E23ABB2-ED9A-3D07-BFA9-A3CE644065CB}
	EndProjectSection
EndProject
Project("{8BC9CEB8-8B4A-11D0-8D11-00A0C91BC942}") = "CaesuraAudio", "CaesuraAudio.vcxproj", "{4B97878B-5732-35A3-9624-D9174C747DF1}"
	ProjectSection(ProjectDependencies) = postProject
		{D94DB78A-0743-3F2A-A6E7-28A97659B5E2} = {D94DB78A-0743-3F2A-A6E7-28A97659B5E2}
		{4EC44F3F-651B-356D-8EA2-C61284B1A10D} = {4EC44F3F-651B-356D-8EA2-C61284B1A10D}
		{BD1D10E3-E66F-3546-A61F-DC746B60BD57} = {BD1D10E3-E66F-3546-A61F-DC746B60BD57}
		{6986A299-EA9B-3A2F-942B-3152D5A94194} = {6986A299-EA9B-3A2F-942B-3152D5A94194}
	EndProjectSection
EndProject
Project("{8BC9CEB8-8B4A-11D0-8D11-00A0C91BC942}") = "CaesuraDebug", "CaesuraDebug.vcxproj", "{B500CB3F-415B-362E-9FD8-CCF929F5F57C}"
	ProjectSection(ProjectDependencies) = postProject
		{4EC44F3F-651B-356D-8EA2-C61284B1A10D} = {4EC44F3F-651B-356D-8EA2-C61284B1A10D}
		{D6D8BE22-F42F-35F2-B542-4E19D94C6370} = {D6D8BE22-F42F-35F2-B542-4E19D94C6370}
		{846C1248-A85B-31B8-B29F-FE0F5371CE05} = {846C1248-A85B-31B8-B29F-FE0F5371CE05}
		{DAF97DE6-BE4B-3AAD-8490-DA095FB67649} = {DAF97DE6-BE4B-3AAD-8490-DA095FB67649}
		{BD1D10E3-E66F-3546-A61F-DC746B60BD57} = {BD1D10E3-E66F-3546-A61F-DC746B60BD57}
	EndProjectSection
EndProject
Project("{8BC9CEB8-8B4A-11D0-8D11-00A0C91BC942}") = "CaesuraDi", "CaesuraDi.vcxproj", "{D94DB78A-0743-3F2A-A6E7-28A97659B5E2}"
	ProjectSection(ProjectDependencies) = postProject
		{4EC44F3F-651B-356D-8EA2-C61284B1A10D} = {4EC44F3F-651B-356D-8EA2-C61284B1A10D}
		{BD1D10E3-E66F-3546-A61F-DC746B60BD57} = {BD1D10E3-E66F-3546-A61F-DC746B60BD57}
	EndProjectSection
EndProject
Project("{8BC9CEB8-8B4A-11D0-8D11-00A0C91BC942}") = "CaesuraEntry", "CaesuraEntry.vcxproj", "{5A545E50-EE8C-3230-86DC-0DEF96DA3D6D}"
	ProjectSection(ProjectDependencies) = postProject
		{5CEEB576-1AF0-36CA-BE99-C6D5AA3C6D77} = {5CEEB576-1AF0-36CA-BE99-C6D5AA3C6D77}
		{4B97878B-5732-35A3-9624-D9174C747DF1} = {4B97878B-5732-35A3-9624-D9174C747DF1}
		{B500CB3F-415B-362E-9FD8-CCF929F5F57C} = {B500CB3F-415B-362E-9FD8-CCF929F5F57C}
		{D94DB78A-0743-3F2A-A6E7-28A97659B5E2} = {D94DB78A-0743-3F2A-A6E7-28A97659B5E2}
		{353FDC3D-A7E0-350C-A666-7C7B052C6C5C} = {353FDC3D-A7E0-350C-A666-7C7B052C6C5C}
		{334381E2-F926-3083-9B51-1F204026B036} = {334381E2-F926-3083-9B51-1F204026B036}
		{2CD6BA8D-253C-3CF5-9619-C53969728D15} = {2CD6BA8D-253C-3CF5-9619-C53969728D15}
		{293464E4-DBE2-38E1-83C6-A4EF4F309435} = {293464E4-DBE2-38E1-83C6-A4EF4F309435}
		{BB4DCEF4-4C2A-3A46-8BB9-5F6CCC3DDC23} = {BB4DCEF4-4C2A-3A46-8BB9-5F6CCC3DDC23}
		{C5928DA3-4ACA-329A-965C-F9191B06EC06} = {C5928DA3-4ACA-329A-965C-F9191B06EC06}
		{4CCE9227-AA02-3247-A5DD-51BBC72DA12B} = {4CCE9227-AA02-3247-A5DD-51BBC72DA12B}
		{1755E103-005B-3B75-AF00-6F959EF417DB} = {1755E103-005B-3B75-AF00-6F959EF417DB}
		{370AA409-EA53-3F50-9F6F-9B7351839831} = {370AA409-EA53-3F50-9F6F-9B7351839831}
		{844DAF51-F72C-3795-927F-07DBD3EBF241} = {844DAF51-F72C-3795-927F-07DBD3EBF241}
		{4EC44F3F-651B-356D-8EA2-C61284B1A10D} = {4EC44F3F-651B-356D-8EA2-C61284B1A10D}
		{D6D8BE22-F42F-35F2-B542-4E19D94C6370} = {D6D8BE22-F42F-35F2-B542-4E19D94C6370}
		{846C1248-A85B-31B8-B29F-FE0F5371CE05} = {846C1248-A85B-31B8-B29F-FE0F5371CE05}
		{DAF97DE6-BE4B-3AAD-8490-DA095FB67649} = {DAF97DE6-BE4B-3AAD-8490-DA095FB67649}
		{464BF97D-25D4-39F8-969F-F7EE9B32DD44} = {464BF97D-25D4-39F8-969F-F7EE9B32DD44}
		{78CF0A67-1FA5-3C4D-BF7D-3FDB98F49342} = {78CF0A67-1FA5-3C4D-BF7D-3FDB98F49342}
		{4E23ABB2-ED9A-3D07-BFA9-A3CE644065CB} = {4E23ABB2-ED9A-3D07-BFA9-A3CE644065CB}
		{BD1D10E3-E66F-3546-A61F-DC746B60BD57} = {BD1D10E3-E66F-3546-A61F-DC746B60BD57}
		{6986A299-EA9B-3A2F-942B-3152D5A94194} = {6986A299-EA9B-3A2F-942B-3152D5A94194}
	EndProjectSection
EndProject
Project("{8BC9CEB8-8B4A-11D0-8D11-00A0C91BC942}") = "CaesuraInput", "CaesuraInput.vcxproj", "{353FDC3D-A7E0-350C-A666-7C7B052C6C5C}"
	ProjectSection(ProjectDependencies) = postProject
		{4EC44F3F-651B-356D-8EA2-C61284B1A10D} = {4EC44F3F-651B-356D-8EA2-C61284B1A10D}
	EndProjectSection
EndProject
Project("{8BC9CEB8-8B4A-11D0-8D11-00A0C91BC942}") = "CaesuraJob", "CaesuraJob.vcxproj", "{334381E2-F926-3083-9B51-1F204026B036}"
	ProjectSection(ProjectDependencies) = postProject
		{D94DB78A-0743-3F2A-A6E7-28A97659B5E2} = {D94DB78A-0743-3F2A-A6E7-28A97659B5E2}
		{4EC44F3F-651B-356D-8EA2-C61284B1A10D} = {4EC44F3F-651B-356D-8EA2-C61284B1A10D}
		{BD1D10E3-E66F-3546-A61F-DC746B60BD57} = {BD1D10E3-E66F-3546-A61F-DC746B60BD57}
	EndProjectSection
EndProject
Project("{8BC9CEB8-8B4A-11D0-8D11-00A0C91BC942}") = "CaesuraLive2D", "CaesuraLive2D.vcxproj", "{2CD6BA8D-253C-3CF5-9619-C53969728D15}"
	ProjectSection(ProjectDependencies) = postProject
		{D94DB78A-0743-3F2A-A6E7-28A97659B5E2} = {D94DB78A-0743-3F2A-A6E7-28A97659B5E2}
		{4EC44F3F-651B-356D-8EA2-C61284B1A10D} = {4EC44F3F-651B-356D-8EA2-C61284B1A10D}
		{D6D8BE22-F42F-35F2-B542-4E19D94C6370} = {D6D8BE22-F42F-35F2-B542-4E19D94C6370}
		{846C1248-A85B-31B8-B29F-FE0F5371CE05} = {846C1248-A85B-31B8-B29F-FE0F5371CE05}
		{DAF97DE6-BE4B-3AAD-8490-DA095FB67649} = {DAF97DE6-BE4B-3AAD-8490-DA095FB67649}
		{BD1D10E3-E66F-3546-A61F-DC746B60BD57} = {BD1D10E3-E66F-3546-A61F-DC746B60BD57}
	EndProjectSection
EndProject
Project("{8BC9CEB8-8B4A-11D0-8D11-00A0C91BC942}") = "CaesuraMiniGame", "CaesuraMiniGame.vcxproj", "{293464E4-DBE2-38E1-83C6-A4EF4F309435}"
	ProjectSection(ProjectDependencies) = postProject
		{D94DB78A-0743-3F2A-A6E7-28A97659B5E2} = {D94DB78A-0743-3F2A-A6E7-28A97659B5E2}
		{4EC44F3F-651B-356D-8EA2-C61284B1A10D} = {4EC44F3F-651B-356D-8EA2-C61284B1A10D}
		{D6D8BE22-F42F-35F2-B542-4E19D94C6370} = {D6D8BE22-F42F-35F2-B542-4E19D94C6370}
		{846C1248-A85B-31B8-B29F-FE0F5371CE05} = {846C1248-A85B-31B8-B29F-FE0F5371CE05}
		{DAF97DE6-BE4B-3AAD-8490-DA095FB67649} = {DAF97DE6-BE4B-3AAD-8490-DA095FB67649}
		{BD1D10E3-E66F-3546-A61F-DC746B60BD57} = {BD1D10E3-E66F-3546-A61F-DC746B60BD57}
	EndProjectSection
EndProject
Project("{8BC9CEB8-8B4A-11D0-8D11-00A0C91BC942}") = "CaesuraPlatform", "CaesuraPlatform.vcxproj", "{BB4DCEF4-4C2A-3A46-8BB9-5F6CCC3DDC23}"
	ProjectSection(ProjectDependencies) = postProject
		{4EC44F3F-651B-356D-8EA2-C61284B1A10D} = {4EC44F3F-651B-356D-8EA2-C61284B1A10D}
		{BD1D10E3-E66F-3546-A61F-DC746B60BD57} = {BD1D10E3-E66F-3546-A61F-DC746B60BD57}
	EndProjectSection
EndProject
Project("{8BC9CEB8-8B4A-11D0-8D11-00A0C91BC942}") = "CaesuraRender", "CaesuraRender.vcxproj", "{C5928DA3-4ACA-329A-965C-F9191B06EC06}"
	ProjectSection(ProjectDependencies) = postProject
		{B500CB3F-415B-362E-9FD8-CCF929F5F57C} = {B500CB3F-415B-362E-9FD8-CCF929F5F57C}
		{D94DB78A-0743-3F2A-A6E7-28A97659B5E2} = {D94DB78A-0743-3F2A-A6E7-28A97659B5E2}
		{4EC44F3F-651B-356D-8EA2-C61284B1A10D} = {4EC44F3F-651B-356D-8EA2-C61284B1A10D}
		{D6D8BE22-F42F-35F2-B542-4E19D94C6370} = {D6D8BE22-F42F-35F2-B542-4E19D94C6370}
		{846C1248-A85B-31B8-B29F-FE0F5371CE05} = {846C1248-A85B-31B8-B29F-FE0F5371CE05}
		{DAF97DE6-BE4B-3AAD-8490-DA095FB67649} = {DAF97DE6-BE4B-3AAD-8490-DA095FB67649}
		{78CF0A67-1FA5-3C4D-BF7D-3FDB98F49342} = {78CF0A67-1FA5-3C4D-BF7D-3FDB98F49342}
		{BD1D10E3-E66F-3546-A61F-DC746B60BD57} = {BD1D10E3-E66F-3546-A61F-DC746B60BD57}
	EndProjectSection
EndProject
Project("{8BC9CEB8-8B4A-11D0-8D11-00A0C91BC942}") = "CaesuraResource", "CaesuraResource.vcxproj", "{4CCE9227-AA02-3247-A5DD-51BBC72DA12B}"
	ProjectSection(ProjectDependencies) = postProject
		{D94DB78A-0743-3F2A-A6E7-28A97659B5E2} = {D94DB78A-0743-3F2A-A6E7-28A97659B5E2}
		{4EC44F3F-651B-356D-8EA2-C61284B1A10D} = {4EC44F3F-651B-356D-8EA2-C61284B1A10D}
		{846C1248-A85B-31B8-B29F-FE0F5371CE05} = {846C1248-A85B-31B8-B29F-FE0F5371CE05}
		{DAF97DE6-BE4B-3AAD-8490-DA095FB67649} = {DAF97DE6-BE4B-3AAD-8490-DA095FB67649}
		{BD1D10E3-E66F-3546-A61F-DC746B60BD57} = {BD1D10E3-E66F-3546-A61F-DC746B60BD57}
	EndProjectSection
EndProject
Project("{8BC9CEB8-8B4A-11D0-8D11-00A0C91BC942}") = "CaesuraRpc", "CaesuraRpc.vcxproj", "{E05A1CAB-E363-32D6-A6CE-E1E18C958CB5}"
	ProjectSection(ProjectDependencies) = postProject
		{4EC44F3F-651B-356D-8EA2-C61284B1A10D} = {4EC44F3F-651B-356D-8EA2-C61284B1A10D}
		{BD1D10E3-E66F-3546-A61F-DC746B60BD57} = {BD1D10E3-E66F-3546-A61F-DC746B60BD57}
	EndProjectSection
EndProject
Project("{8BC9CEB8-8B4A-11D0-8D11-00A0C91BC942}") = "CaesuraScript", "CaesuraScript.vcxproj", "{1755E103-005B-3B75-AF00-6F959EF417DB}"
	ProjectSection(ProjectDependencies) = postProject
		{D94DB78A-0743-3F2A-A6E7-28A97659B5E2} = {D94DB78A-0743-3F2A-A6E7-28A97659B5E2}
		{4EC44F3F-651B-356D-8EA2-C61284B1A10D} = {4EC44F3F-651B-356D-8EA2-C61284B1A10D}
		{BD1D10E3-E66F-3546-A61F-DC746B60BD57} = {BD1D10E3-E66F-3546-A61F-DC746B60BD57}
	EndProjectSection
EndProject
Project("{8BC9CEB8-8B4A-11D0-8D11-00A0C91BC942}") = "CaesuraSteam", "CaesuraSteam.vcxproj", "{370AA409-EA53-3F50-9F6F-9B7351839831}"
	ProjectSection(ProjectDependencies) = postProject
		{4EC44F3F-651B-356D-8EA2-C61284B1A10D} = {4EC44F3F-651B-356D-8EA2-C61284B1A10D}
	EndProjectSection
EndProject
Project("{8BC9CEB8-8B4A-11D0-8D11-00A0C91BC942}") = "CaesuraStorage", "CaesuraStorage.vcxproj", "{844DAF51-F72C-3795-927F-07DBD3EBF241}"
	ProjectSection(ProjectDependencies) = postProject
		{D94DB78A-0743-3F2A-A6E7-28A97659B5E2} = {D94DB78A-0743-3F2A-A6E7-28A97659B5E2}
		{4EC44F3F-651B-356D-8EA2-C61284B1A10D} = {4EC44F3F-651B-356D-8EA2-C61284B1A10D}
		{D6D8BE22-F42F-35F2-B542-4E19D94C6370} = {D6D8BE22-F42F-35F2-B542-4E19D94C6370}
		{846C1248-A85B-31B8-B29F-FE0F5371CE05} = {846C1248-A85B-31B8-B29F-FE0F5371CE05}
		{DAF97DE6-BE4B-3AAD-8490-DA095FB67649} = {DAF97DE6-BE4B-3AAD-8490-DA095FB67649}
		{BD1D10E3-E66F-3546-A61F-DC746B60BD57} = {BD1D10E3-E66F-3546-A61F-DC746B60BD57}
	EndProjectSection
EndProject
Project("{8BC9CEB8-8B4A-11D0-8D11-00A0C91BC942}") = "CaesuraTests", "tests\CaesuraTests.vcxproj", "{D9EB27FD-4FAC-31BA-AEA8-658079A2EBD5}"
	ProjectSection(ProjectDependencies) = postProject
		{5CEEB576-1AF0-36CA-BE99-C6D5AA3C6D77} = {5CEEB576-1AF0-36CA-BE99-C6D5AA3C6D77}
		{4B97878B-5732-35A3-9624-D9174C747DF1} = {4B97878B-5732-35A3-9624-D9174C747DF1}
		{B500CB3F-415B-362E-9FD8-CCF929F5F57C} = {B500CB3F-415B-362E-9FD8-CCF929F5F57C}
		{D94DB78A-0743-3F2A-A6E7-28A97659B5E2} = {D94DB78A-0743-3F2A-A6E7-28A97659B5E2}
		{5A545E50-EE8C-3230-86DC-0DEF96DA3D6D} = {5A545E50-EE8C-3230-86DC-0DEF96DA3D6D}
		{353FDC3D-A7E0-350C-A666-7C7B052C6C5C} = {353FDC3D-A7E0-350C-A666-7C7B052C6C5C}
		{334381E2-F926-3083-9B51-1F204026B036} = {334381E2-F926-3083-9B51-1F204026B036}
		{2CD6BA8D-253C-3CF5-9619-C53969728D15} = {2CD6BA8D-253C-3CF5-9619-C53969728D15}
		{293464E4-DBE2-38E1-83C6-A4EF4F309435} = {293464E4-DBE2-38E1-83C6-A4EF4F309435}
		{BB4DCEF4-4C2A-3A46-8BB9-5F6CCC3DDC23} = {BB4DCEF4-4C2A-3A46-8BB9-5F6CCC3DDC23}
		{C5928DA3-4ACA-329A-965C-F9191B06EC06} = {C5928DA3-4ACA-329A-965C-F9191B06EC06}
		{4CCE9227-AA02-3247-A5DD-51BBC72DA12B} = {4CCE9227-AA02-3247-A5DD-51BBC72DA12B}
		{E05A1CAB-E363-32D6-A6CE-E1E18C958CB5} = {E05A1CAB-E363-32D6-A6CE-E1E18C958CB5}
		{1755E103-005B-3B75-AF00-6F959EF417DB} = {1755E103-005B-3B75-AF00-6F959EF417DB}
		{370AA409-EA53-3F50-9F6F-9B7351839831} = {370AA409-EA53-3F50-9F6F-9B7351839831}
		{844DAF51-F72C-3795-927F-07DBD3EBF241} = {844DAF51-F72C-3795-927F-07DBD3EBF241}
		{4EC44F3F-651B-356D-8EA2-C61284B1A10D} = {4EC44F3F-651B-356D-8EA2-C61284B1A10D}
		{D6D8BE22-F42F-35F2-B542-4E19D94C6370} = {D6D8BE22-F42F-35F2-B542-4E19D94C6370}
		{846C1248-A85B-31B8-B29F-FE0F5371CE05} = {846C1248-A85B-31B8-B29F-FE0F5371CE05}
		{DAF97DE6-BE4B-3AAD-8490-DA095FB67649} = {DAF97DE6-BE4B-3AAD-8490-DA095FB67649}
		{464BF97D-25D4-39F8-969F-F7EE9B32DD44} = {464BF97D-25D4-39F8-969F-F7EE9B32DD44}
		{78CF0A67-1FA5-3C4D-BF7D-3FDB98F49342} = {78CF0A67-1FA5-3C4D-BF7D-3FDB98F49342}
		{4E23ABB2-ED9A-3D07-BFA9-A3CE644065CB} = {4E23ABB2-ED9A-3D07-BFA9-A3CE644065CB}
		{BD1D10E3-E66F-3546-A61F-DC746B60BD57} = {BD1D10E3-E66F-3546-A61F-DC746B60BD57}
		{6986A299-EA9B-3A2F-942B-3152D5A94194} = {6986A299-EA9B-3A2F-942B-3152D5A94194}
	EndProjectSection
EndProject
Project("{8BC9CEB8-8B4A-11D0-8D11-00A0C91BC942}") = "INSTALL", "INSTALL.vcxproj", "{29BA3157-8EFC-3B83-8387-FE124D372C0B}"
	ProjectSection(ProjectDependencies) = postProject
		{6ADFDEC3-DB31-31B5-8463-02ACB8DB1278} = {6ADFDEC3-DB31-31B5-8463-02ACB8DB1278}
		{4EC44F3F-651B-356D-8EA2-C61284B1A10D} = {4EC44F3F-651B-356D-8EA2-C61284B1A10D}
	EndProjectSection
EndProject
Project("{8BC9CEB8-8B4A-11D0-8D11-00A0C91BC942}") = "PACKAGE", "PACKAGE.vcxproj", "{13660ECD-430E-3CC4-B870-D3686A3D5543}"
	ProjectSection(ProjectDependencies) = postProject
		{6ADFDEC3-DB31-31B5-8463-02ACB8DB1278} = {6ADFDEC3-DB31-31B5-8463-02ACB8DB1278}
		{4EC44F3F-651B-356D-8EA2-C61284B1A10D} = {4EC44F3F-651B-356D-8EA2-C61284B1A10D}
	EndProjectSection
EndProject
Project("{8BC9CEB8-8B4A-11D0-8D11-00A0C91BC942}") = "RUN_TESTS", "RUN_TESTS.vcxproj", "{ECF2D256-1F5D-361D-B2BC-7A34099D3796}"
	ProjectSection(ProjectDependencies) = postProject
		{4EC44F3F-651B-356D-8EA2-C61284B1A10D} = {4EC44F3F-651B-356D-8EA2-C61284B1A10D}
	EndProjectSection
EndProject
Project("{8BC9CEB8-8B4A-11D0-8D11-00A0C91BC942}") = "ZERO_CHECK", "ZERO_CHECK.vcxproj", "{4EC44F3F-651B-356D-8EA2-C61284B1A10D}"
	ProjectSection(ProjectDependencies) = postProject
	EndProjectSection
EndProject
Project("{8BC9CEB8-8B4A-11D0-8D11-00A0C91BC942}") = "bgfx", "bgfx_lib\bgfx.vcxproj", "{D6D8BE22-F42F-35F2-B542-4E19D94C6370}"
	ProjectSection(ProjectDependencies) = postProject
		{4EC44F3F-651B-356D-8EA2-C61284B1A10D} = {4EC44F3F-651B-356D-8EA2-C61284B1A10D}
		{846C1248-A85B-31B8-B29F-FE0F5371CE05} = {846C1248-A85B-31B8-B29F-FE0F5371CE05}
		{DAF97DE6-BE4B-3AAD-8490-DA095FB67649} = {DAF97DE6-BE4B-3AAD-8490-DA095FB67649}
	EndProjectSection
EndProject
Project("{8BC9CEB8-8B4A-11D0-8D11-00A0C91BC942}") = "bimg", "bimg\bimg.vcxproj", "{846C1248-A85B-31B8-B29F-FE0F5371CE05}"
	ProjectSection(ProjectDependencies) = postProject
		{4EC44F3F-651B-356D-8EA2-C61284B1A10D} = {4EC44F3F-651B-356D-8EA2-C61284B1A10D}
		{DAF97DE6-BE4B-3AAD-8490-DA095FB67649} = {DAF97DE6-BE4B-3AAD-8490-DA095FB67649}
	EndProjectSection
EndProject
Project("{8BC9CEB8-8B4A-11D0-8D11-00A0C91BC942}") = "bx", "bx\bx.vcxproj", "{DAF97DE6-BE4B-3AAD-8490-DA095FB67649}"
	ProjectSection(ProjectDependencies) = postProject
		{4EC44F3F-651B-356D-8EA2-C61284B1A10D} = {4EC44F3F-651B-356D-8EA2-C61284B1A10D}
	EndProjectSection
EndProject
Project("{8BC9CEB8-8B4A-11D0-8D11-00A0C91BC942}") = "carc_pack", "tools\carc_pack\carc_pack.vcxproj", "{00E23E73-5FC3-30B8-9850-BF6D232B766B}"
	ProjectSection(ProjectDependencies) = postProject
		{5CEEB576-1AF0-36CA-BE99-C6D5AA3C6D77} = {5CEEB576-1AF0-36CA-BE99-C6D5AA3C6D77}
		{4EC44F3F-651B-356D-8EA2-C61284B1A10D} = {4EC44F3F-651B-356D-8EA2-C61284B1A10D}
		{464BF97D-25D4-39F8-969F-F7EE9B32DD44} = {464BF97D-25D4-39F8-969F-F7EE9B32DD44}
		{4E23ABB2-ED9A-3D07-BFA9-A3CE644065CB} = {4E23ABB2-ED9A-3D07-BFA9-A3CE644065CB}
	EndProjectSection
EndProject
Project("{8BC9CEB8-8B4A-11D0-8D11-00A0C91BC942}") = "clean-all", "zstd\clean-all.vcxproj", "{2528B90D-FABF-3751-A94A-FDFE440B0D08}"
	ProjectSection(ProjectDependencies) = postProject
		{4EC44F3F-651B-356D-8EA2-C61284B1A10D} = {4EC44F3F-651B-356D-8EA2-C61284B1A10D}
	EndProjectSection
EndProject
Project("{8BC9CEB8-8B4A-11D0-8D11-00A0C91BC942}") = "ed25519", "ed25519.vcxproj", "{464BF97D-25D4-39F8-969F-F7EE9B32DD44}"
	ProjectSection(ProjectDependencies) = postProject
		{4EC44F3F-651B-356D-8EA2-C61284B1A10D} = {4EC44F3F-651B-356D-8EA2-C61284B1A10D}
	EndProjectSection
EndProject
Project("{8BC9CEB8-8B4A-11D0-8D11-00A0C91BC942}") = "freetype", "freetype\freetype.vcxproj", "{78CF0A67-1FA5-3C4D-BF7D-3FDB98F49342}"
	ProjectSection(ProjectDependencies) = postProject
		{4EC44F3F-651B-356D-8EA2-C61284B1A10D} = {4EC44F3F-651B-356D-8EA2-C61284B1A10D}
	EndProjectSection
EndProject
Project("{8BC9CEB8-8B4A-11D0-8D11-00A0C91BC942}") = "libzstd_static", "zstd\lib\libzstd_static.vcxproj", "{4E23ABB2-ED9A-3D07-BFA9-A3CE644065CB}"
	ProjectSection(ProjectDependencies) = postProject
		{4EC44F3F-651B-356D-8EA2-C61284B1A10D} = {4EC44F3F-651B-356D-8EA2-C61284B1A10D}
	EndProjectSection
EndProject
Project("{8BC9CEB8-8B4A-11D0-8D11-00A0C91BC942}") = "lua", "lua\lua.vcxproj", "{BD1D10E3-E66F-3546-A61F-DC746B60BD57}"
	ProjectSection(ProjectDependencies) = postProject
		{4EC44F3F-651B-356D-8EA2-C61284B1A10D} = {4EC44F3F-651B-356D-8EA2-C61284B1A10D}
	EndProjectSection
EndProject
Project("{8BC9CEB8-8B4A-11D0-8D11-00A0C91BC942}") = "soloud", "soloud\soloud.vcxproj", "{6986A299-EA9B-3A2F-942B-3152D5A94194}"
	ProjectSection(ProjectDependencies) = postProject
		{4EC44F3F-651B-356D-8EA2-C61284B1A10D} = {4EC44F3F-651B-356D-8EA2-C61284B1A10D}
	EndProjectSection
EndProject
Project("{8BC9CEB8-8B4A-11D0-8D11-00A0C91BC942}") = "uninstall", "zstd\lib\uninstall.vcxproj", "{49AD441F-4236-3069-A02A-3A08D10F127D}"
	ProjectSection(ProjectDependencies) = postProject
		{4EC44F3F-651B-356D-8EA2-C61284B1A10D} = {4EC44F3F-651B-356D-8EA2-C61284B1A10D}
	EndProjectSection
EndProject
Global
	GlobalSection(SolutionConfigurationPlatforms) = preSolution
		Debug|x64 = Debug|x64
		Release|x64 = Release|x64
		MinSizeRel|x64 = MinSizeRel|x64
		RelWithDebInfo|x64 = RelWithDebInfo|x64
	EndGlobalSection
	GlobalSection(ProjectConfigurationPlatforms) = postSolution
		{6ADFDEC3-DB31-31B5-8463-02ACB8DB1278}.Debug|x64.ActiveCfg = Debug|x64
		{6ADFDEC3-DB31-31B5-8463-02ACB8DB1278}.Debug|x64.Build.0 = Debug|x64
		{6ADFDEC3-DB31-31B5-8463-02ACB8DB1278}.Release|x64.ActiveCfg = Release|x64
		{6ADFDEC3-DB31-31B5-8463-02ACB8DB1278}.Release|x64.Build.0 = Release|x64
		{6ADFDEC3-DB31-31B5-8463-02ACB8DB1278}.MinSizeRel|x64.ActiveCfg = MinSizeRel|x64
		{6ADFDEC3-DB31-31B5-8463-02ACB8DB1278}.MinSizeRel|x64.Build.0 = MinSizeRel|x64
		{6ADFDEC3-DB31-31B5-8463-02ACB8DB1278}.RelWithDebInfo|x64.ActiveCfg = RelWithDebInfo|x64
		{6ADFDEC3-DB31-31B5-8463-02ACB8DB1278}.RelWithDebInfo|x64.Build.0 = RelWithDebInfo|x64
		{DB765AAE-8F31-3CDA-8AD9-5D58D55D3FBE}.Debug|x64.ActiveCfg = Debug|x64
		{DB765AAE-8F31-3CDA-8AD9-5D58D55D3FBE}.Debug|x64.Build.0 = Debug|x64
		{DB765AAE-8F31-3CDA-8AD9-5D58D55D3FBE}.Release|x64.ActiveCfg = Release|x64
		{DB765AAE-8F31-3CDA-8AD9-5D58D55D3FBE}.Release|x64.Build.0 = Release|x64
		{DB765AAE-8F31-3CDA-8AD9-5D58D55D3FBE}.MinSizeRel|x64.ActiveCfg = MinSizeRel|x64
		{DB765AAE-8F31-3CDA-8AD9-5D58D55D3FBE}.MinSizeRel|x64.Build.0 = MinSizeRel|x64
		{DB765AAE-8F31-3CDA-8AD9-5D58D55D3FBE}.RelWithDebInfo|x64.ActiveCfg = RelWithDebInfo|x64
		{DB765AAE-8F31-3CDA-8AD9-5D58D55D3FBE}.RelWithDebInfo|x64.Build.0 = RelWithDebInfo|x64
		{5CEEB576-1AF0-36CA-BE99-C6D5AA3C6D77}.Debug|x64.ActiveCfg = Debug|x64
		{5CEEB576-1AF0-36CA-BE99-C6D5AA3C6D77}.Debug|x64.Build.0 = Debug|x64
		{5CEEB576-1AF0-36CA-BE99-C6D5AA3C6D77}.Release|x64.ActiveCfg = Release|x64
		{5CEEB576-1AF0-36CA-BE99-C6D5AA3C6D77}.Release|x64.Build.0 = Release|x64
		{5CEEB576-1AF0-36CA-BE99-C6D5AA3C6D77}.MinSizeRel|x64.ActiveCfg = MinSizeRel|x64
		{5CEEB576-1AF0-36CA-BE99-C6D5AA3C6D77}.MinSizeRel|x64.Build.0 = MinSizeRel|x64
		{5CEEB576-1AF0-36CA-BE99-C6D5AA3C6D77}.RelWithDebInfo|x64.ActiveCfg = RelWithDebInfo|x64
		{5CEEB576-1AF0-36CA-BE99-C6D5AA3C6D77}.RelWithDebInfo|x64.Build.0 = RelWithDebInfo|x64
		{4B97878B-5732-35A3-9624-D9174C747DF1}.Debug|x64.ActiveCfg = Debug|x64
		{4B97878B-5732-35A3-9624-D9174C747DF1}.Debug|x64.Build.0 = Debug|x64
		{4B97878B-5732-35A3-9624-D9174C747DF1}.Release|x64.ActiveCfg = Release|x64
		{4B97878B-5732-35A3-9624-D9174C747DF1}.Release|x64.Build.0 = Release|x64
		{4B97878B-5732-35A3-9624-D9174C747DF1}.MinSizeRel|x64.ActiveCfg = MinSizeRel|x64
		{4B97878B-5732-35A3-9624-D9174C747DF1}.MinSizeRel|x64.Build.0 = MinSizeRel|x64
		{4B97878B-5732-35A3-9624-D9174C747DF1}.RelWithDebInfo|x64.ActiveCfg = RelWithDebInfo|x64
		{4B97878B-5732-35A3-9624-D9174C747DF1}.RelWithDebInfo|x64.Build.0 = RelWithDebInfo|x64
		{B500CB3F-415B-362E-9FD8-CCF929F5F57C}.Debug|x64.ActiveCfg = Debug|x64
		{B500CB3F-415B-362E-9FD8-CCF929F5F57C}.Debug|x64.Build.0 = Debug|x64
		{B500CB3F-415B-362E-9FD8-CCF929F5F57C}.Release|x64.ActiveCfg = Release|x64
		{B500CB3F-415B-362E-9FD8-CCF929F5F57C}.Release|x64.Build.0 = Release|x64
		{B500CB3F-415B-362E-9FD8-CCF929F5F57C}.MinSizeRel|x64.ActiveCfg = MinSizeRel|x64
		{B500CB3F-415B-362E-9FD8-CCF929F5F57C}.MinSizeRel|x64.Build.0 = MinSizeRel|x64
		{B500CB3F-415B-362E-9FD8-CCF929F5F57C}.RelWithDebInfo|x64.ActiveCfg = RelWithDebInfo|x64
		{B500CB3F-415B-362E-9FD8-CCF929F5F57C}.RelWithDebInfo|x64.Build.0 = RelWithDebInfo|x64
		{D94DB78A-0743-3F2A-A6E7-28A97659B5E2}.Debug|x64.ActiveCfg = Debug|x64
		{D94DB78A-0743-3F2A-A6E7-28A97659B5E2}.Debug|x64.Build.0 = Debug|x64
		{D94DB78A-0743-3F2A-A6E7-28A97659B5E2}.Release|x64.ActiveCfg = Release|x64
		{D94DB78A-0743-3F2A-A6E7-28A97659B5E2}.Release|x64.Build.0 = Release|x64
		{D94DB78A-0743-3F2A-A6E7-28A97659B5E2}.MinSizeRel|x64.ActiveCfg = MinSizeRel|x64
		{D94DB78A-0743-3F2A-A6E7-28A97659B5E2}.MinSizeRel|x64.Build.0 = MinSizeRel|x64
		{D94DB78A-0743-3F2A-A6E7-28A97659B5E2}.RelWithDebInfo|x64.ActiveCfg = RelWithDebInfo|x64
		{D94DB78A-0743-3F2A-A6E7-28A97659B5E2}.RelWithDebInfo|x64.Build.0 = RelWithDebInfo|x64
		{5A545E50-EE8C-3230-86DC-0DEF96DA3D6D}.Debug|x64.ActiveCfg = Debug|x64
		{5A545E50-EE8C-3230-86DC-0DEF96DA3D6D}.Debug|x64.Build.0 = Debug|x64
		{5A545E50-EE8C-3230-86DC-0DEF96DA3D6D}.Release|x64.ActiveCfg = Release|x64
		{5A545E50-EE8C-3230-86DC-0DEF96DA3D6D}.Release|x64.Build.0 = Release|x64
		{5A545E50-EE8C-3230-86DC-0DEF96DA3D6D}.MinSizeRel|x64.ActiveCfg = MinSizeRel|x64
		{5A545E50-EE8C-3230-86DC-0DEF96DA3D6D}.MinSizeRel|x64.Build.0 = MinSizeRel|x64
		{5A545E50-EE8C-3230-86DC-0DEF96DA3D6D}.RelWithDebInfo|x64.ActiveCfg = RelWithDebInfo|x64
		{5A545E50-EE8C-3230-86DC-0DEF96DA3D6D}.RelWithDebInfo|x64.Build.0 = RelWithDebInfo|x64
		{353FDC3D-A7E0-350C-A666-7C7B052C6C5C}.Debug|x64.ActiveCfg = Debug|x64
		{353FDC3D-A7E0-350C-A666-7C7B052C6C5C}.Debug|x64.Build.0 = Debug|x64
		{353FDC3D-A7E0-350C-A666-7C7B052C6C5C}.Release|x64.ActiveCfg = Release|x64
		{353FDC3D-A7E0-350C-A666-7C7B052C6C5C}.Release|x64.Build.0 = Release|x64
		{353FDC3D-A7E0-350C-A666-7C7B052C6C5C}.MinSizeRel|x64.ActiveCfg = MinSizeRel|x64
		{353FDC3D-A7E0-350C-A666-7C7B052C6C5C}.MinSizeRel|x64.Build.0 = MinSizeRel|x64
		{353FDC3D-A7E0-350C-A666-7C7B052C6C5C}.RelWithDebInfo|x64.ActiveCfg = RelWithDebInfo|x64
		{353FDC3D-A7E0-350C-A666-7C7B052C6C5C}.RelWithDebInfo|x64.Build.0 = RelWithDebInfo|x64
		{334381E2-F926-3083-9B51-1F204026B036}.Debug|x64.ActiveCfg = Debug|x64
		{334381E2-F926-3083-9B51-1F204026B036}.Debug|x64.Build.0 = Debug|x64
		{334381E2-F926-3083-9B51-1F204026B036}.Release|x64.ActiveCfg = Release|x64
		{334381E2-F926-3083-9B51-1F204026B036}.Release|x64.Build.0 = Release|x64
		{334381E2-F926-3083-9B51-1F204026B036}.MinSizeRel|x64.ActiveCfg = MinSizeRel|x64
		{334381E2-F926-3083-9B51-1F204026B036}.MinSizeRel|x64.Build.0 = MinSizeRel|x64
		{334381E2-F926-3083-9B51-1F204026B036}.RelWithDebInfo|x64.ActiveCfg = RelWithDebInfo|x64
		{334381E2-F926-3083-9B51-1F204026B036}.RelWithDebInfo|x64.Build.0 = RelWithDebInfo|x64
		{2CD6BA8D-253C-3CF5-9619-C53969728D15}.Debug|x64.ActiveCfg = Debug|x64
		{2CD6BA8D-253C-3CF5-9619-C53969728D15}.Debug|x64.Build.0 = Debug|x64
		{2CD6BA8D-253C-3CF5-9619-C53969728D15}.Release|x64.ActiveCfg = Release|x64
		{2CD6BA8D-253C-3CF5-9619-C53969728D15}.Release|x64.Build.0 = Release|x64
		{2CD6BA8D-253C-3CF5-9619-C53969728D15}.MinSizeRel|x64.ActiveCfg = MinSizeRel|x64
		{2CD6BA8D-253C-3CF5-9619-C53969728D15}.MinSizeRel|x64.Build.0 = MinSizeRel|x64
		{2CD6BA8D-253C-3CF5-9619-C53969728D15}.RelWithDebInfo|x64.ActiveCfg = RelWithDebInfo|x64
		{2CD6BA8D-253C-3CF5-9619-C53969728D15}.RelWithDebInfo|x64.Build.0 = RelWithDebInfo|x64
		{293464E4-DBE2-38E1-83C6-A4EF4F309435}.Debug|x64.ActiveCfg = Debug|x64
		{293464E4-DBE2-38E1-83C6-A4EF4F309435}.Debug|x64.Build.0 = Debug|x64
		{293464E4-DBE2-38E1-83C6-A4EF4F309435}.Release|x64.ActiveCfg = Release|x64
		{293464E4-DBE2-38E1-83C6-A4EF4F309435}.Release|x64.Build.0 = Release|x64
		{293464E4-DBE2-38E1-83C6-A4EF4F309435}.MinSizeRel|x64.ActiveCfg = MinSizeRel|x64
		{293464E4-DBE2-38E1-83C6-A4EF4F309435}.MinSizeRel|x64.Build.0 = MinSizeRel|x64
		{293464E4-DBE2-38E1-83C6-A4EF4F309435}.RelWithDebInfo|x64.ActiveCfg = RelWithDebInfo|x64
		{293464E4-DBE2-38E1-83C6-A4EF4F309435}.RelWithDebInfo|x64.Build.0 = RelWithDebInfo|x64
		{BB4DCEF4-4C2A-3A46-8BB9-5F6CCC3DDC23}.Debug|x64.ActiveCfg = Debug|x64
		{BB4DCEF4-4C2A-3A46-8BB9-5F6CCC3DDC23}.Debug|x64.Build.0 = Debug|x64
		{BB4DCEF4-4C2A-3A46-8BB9-5F6CCC3DDC23}.Release|x64.ActiveCfg = Release|x64
		{BB4DCEF4-4C2A-3A46-8BB9-5F6CCC3DDC23}.Release|x64.Build.0 = Release|x64
		{BB4DCEF4-4C2A-3A46-8BB9-5F6CCC3DDC23}.MinSizeRel|x64.ActiveCfg = MinSizeRel|x64
		{BB4DCEF4-4C2A-3A46-8BB9-5F6CCC3DDC23}.MinSizeRel|x64.Build.0 = MinSizeRel|x64
		{BB4DCEF4-4C2A-3A46-8BB9-5F6CCC3DDC23}.RelWithDebInfo|x64.ActiveCfg = RelWithDebInfo|x64
		{BB4DCEF4-4C2A-3A46-8BB9-5F6CCC3DDC23}.RelWithDebInfo|x64.Build.0 = RelWithDebInfo|x64
		{C5928DA3-4ACA-329A-965C-F9191B06EC06}.Debug|x64.ActiveCfg = Debug|x64
		{C5928DA3-4ACA-329A-965C-F9191B06EC06}.Debug|x64.Build.0 = Debug|x64
		{C5928DA3-4ACA-329A-965C-F9191B06EC06}.Release|x64.ActiveCfg = Release|x64
		{C5928DA3-4ACA-329A-965C-F9191B06EC06}.Release|x64.Build.0 = Release|x64
		{C5928DA3-4ACA-329A-965C-F9191B06EC06}.MinSizeRel|x64.ActiveCfg = MinSizeRel|x64
		{C5928DA3-4ACA-329A-965C-F9191B06EC06}.MinSizeRel|x64.Build.0 = MinSizeRel|x64
		{C5928DA3-4ACA-329A-965C-F9191B06EC06}.RelWithDebInfo|x64.ActiveCfg = RelWithDebInfo|x64
		{C5928DA3-4ACA-329A-965C-F9191B06EC06}.RelWithDebInfo|x64.Build.0 = RelWithDebInfo|x64
		{4CCE9227-AA02-3247-A5DD-51BBC72DA12B}.Debug|x64.ActiveCfg = Debug|x64
		{4CCE9227-AA02-3247-A5DD-51BBC72DA12B}.Debug|x64.Build.0 = Debug|x64
		{4CCE9227-AA02-3247-A5DD-51BBC72DA12B}.Release|x64.ActiveCfg = Release|x64
		{4CCE9227-AA02-3247-A5DD-51BBC72DA12B}.Release|x64.Build.0 = Release|x64
		{4CCE9227-AA02-3247-A5DD-51BBC72DA12B}.MinSizeRel|x64.ActiveCfg = MinSizeRel|x64
		{4CCE9227-AA02-3247-A5DD-51BBC72DA12B}.MinSizeRel|x64.Build.0 = MinSizeRel|x64
		{4CCE9227-AA02-3247-A5DD-51BBC72DA12B}.RelWithDebInfo|x64.ActiveCfg = RelWithDebInfo|x64
		{4CCE9227-AA02-3247-A5DD-51BBC72DA12B}.RelWithDebInfo|x64.Build.0 = RelWithDebInfo|x64
		{E05A1CAB-E363-32D6-A6CE-E1E18C958CB5}.Debug|x64.ActiveCfg = Debug|x64
		{E05A1CAB-E363-32D6-A6CE-E1E18C958CB5}.Debug|x64.Build.0 = Debug|x64
		{E05A1CAB-E363-32D6-A6CE-E1E18C958CB5}.Release|x64.ActiveCfg = Release|x64
		{E05A1CAB-E363-32D6-A6CE-E1E18C958CB5}.Release|x64.Build.0 = Release|x64
		{E05A1CAB-E363-32D6-A6CE-E1E18C958CB5}.MinSizeRel|x64.ActiveCfg = MinSizeRel|x64
		{E05A1CAB-E363-32D6-A6CE-E1E18C958CB5}.MinSizeRel|x64.Build.0 = MinSizeRel|x64
		{E05A1CAB-E363-32D6-A6CE-E1E18C958CB5}.RelWithDebInfo|x64.ActiveCfg = RelWithDebInfo|x64
		{E05A1CAB-E363-32D6-A6CE-E1E18C958CB5}.RelWithDebInfo|x64.Build.0 = RelWithDebInfo|x64
		{1755E103-005B-3B75-AF00-6F959EF417DB}.Debug|x64.ActiveCfg = Debug|x64
		{1755E103-005B-3B75-AF00-6F959EF417DB}.Debug|x64.Build.0 = Debug|x64
		{1755E103-005B-3B75-AF00-6F959EF417DB}.Release|x64.ActiveCfg = Release|x64
		{1755E103-005B-3B75-AF00-6F959EF417DB}.Release|x64.Build.0 = Release|x64
		{1755E103-005B-3B75-AF00-6F959EF417DB}.MinSizeRel|x64.ActiveCfg = MinSizeRel|x64
		{1755E103-005B-3B75-AF00-6F959EF417DB}.MinSizeRel|x64.Build.0 = MinSizeRel|x64
		{1755E103-005B-3B75-AF00-6F959EF417DB}.RelWithDebInfo|x64.ActiveCfg = RelWithDebInfo|x64
		{1755E103-005B-3B75-AF00-6F959EF417DB}.RelWithDebInfo|x64.Build.0 = RelWithDebInfo|x64
		{370AA409-EA53-3F50-9F6F-9B7351839831}.Debug|x64.ActiveCfg = Debug|x64
		{370AA409-EA53-3F50-9F6F-9B7351839831}.Debug|x64.Build.0 = Debug|x64
		{370AA409-EA53-3F50-9F6F-9B7351839831}.Release|x64.ActiveCfg = Release|x64
		{370AA409-EA53-3F50-9F6F-9B7351839831}.Release|x64.Build.0 = Release|x64
		{370AA409-EA53-3F50-9F6F-9B7351839831}.MinSizeRel|x64.ActiveCfg = MinSizeRel|x64
		{370AA409-EA53-3F50-9F6F-9B7351839831}.MinSizeRel|x64.Build.0 = MinSizeRel|x64
		{370AA409-EA53-3F50-9F6F-9B7351839831}.RelWithDebInfo|x64.ActiveCfg = RelWithDebInfo|x64
		{370AA409-EA53-3F50-9F6F-9B7351839831}.RelWithDebInfo|x64.Build.0 = RelWithDebInfo|x64
		{844DAF51-F72C-3795-927F-07DBD3EBF241}.Debug|x64.ActiveCfg = Debug|x64
		{844DAF51-F72C-3795-927F-07DBD3EBF241}.Debug|x64.Build.0 = Debug|x64
		{844DAF51-F72C-3795-927F-07DBD3EBF241}.Release|x64.ActiveCfg = Release|x64
		{844DAF51-F72C-3795-927F-07DBD3EBF241}.Release|x64.Build.0 = Release|x64
		{844DAF51-F72C-3795-927F-07DBD3EBF241}.MinSizeRel|x64.ActiveCfg = MinSizeRel|x64
		{844DAF51-F72C-3795-927F-07DBD3EBF241}.MinSizeRel|x64.Build.0 = MinSizeRel|x64
		{844DAF51-F72C-3795-927F-07DBD3EBF241}.RelWithDebInfo|x64.ActiveCfg = RelWithDebInfo|x64
		{844DAF51-F72C-3795-927F-07DBD3EBF241}.RelWithDebInfo|x64.Build.0 = RelWithDebInfo|x64
		{D9EB27FD-4FAC-31BA-AEA8-658079A2EBD5}.Debug|x64.ActiveCfg = Debug|x64
		{D9EB27FD-4FAC-31BA-AEA8-658079A2EBD5}.Debug|x64.Build.0 = Debug|x64
		{D9EB27FD-4FAC-31BA-AEA8-658079A2EBD5}.Release|x64.ActiveCfg = Release|x64
		{D9EB27FD-4FAC-31BA-AEA8-658079A2EBD5}.Release|x64.Build.0 = Release|x64
		{D9EB27FD-4FAC-31BA-AEA8-658079A2EBD5}.MinSizeRel|x64.ActiveCfg = MinSizeRel|x64
		{D9EB27FD-4FAC-31BA-AEA8-658079A2EBD5}.MinSizeRel|x64.Build.0 = MinSizeRel|x64
		{D9EB27FD-4FAC-31BA-AEA8-658079A2EBD5}.RelWithDebInfo|x64.ActiveCfg = RelWithDebInfo|x64
		{D9EB27FD-4FAC-31BA-AEA8-658079A2EBD5}.RelWithDebInfo|x64.Build.0 = RelWithDebInfo|x64
		{29BA3157-8EFC-3B83-8387-FE124D372C0B}.Debug|x64.ActiveCfg = Debug|x64
		{29BA3157-8EFC-3B83-8387-FE124D372C0B}.Release|x64.ActiveCfg = Release|x64
		{29BA3157-8EFC-3B83-8387-FE124D372C0B}.MinSizeRel|x64.ActiveCfg = MinSizeRel|x64
		{29BA3157-8EFC-3B83-8387-FE124D372C0B}.RelWithDebInfo|x64.ActiveCfg = RelWithDebInfo|x64
		{13660ECD-430E-3CC4-B870-D3686A3D5543}.Debug|x64.ActiveCfg = Debug|x64
		{13660ECD-430E-3CC4-B870-D3686A3D5543}.Release|x64.ActiveCfg = Release|x64
		{13660ECD-430E-3CC4-B870-D3686A3D5543}.MinSizeRel|x64.ActiveCfg = MinSizeRel|x64
		{13660ECD-430E-3CC4-B870-D3686A3D5543}.RelWithDebInfo|x64.ActiveCfg = RelWithDebInfo|x64
		{ECF2D256-1F5D-361D-B2BC-7A34099D3796}.Debug|x64.ActiveCfg = Debug|x64
		{ECF2D256-1F5D-361D-B2BC-7A34099D3796}.Release|x64.ActiveCfg = Release|x64
		{ECF2D256-1F5D-361D-B2BC-7A34099D3796}.MinSizeRel|x64.ActiveCfg = MinSizeRel|x64
		{ECF2D256-1F5D-361D-B2BC-7A34099D3796}.RelWithDebInfo|x64.ActiveCfg = RelWithDebInfo|x64
		{4EC44F3F-651B-356D-8EA2-C61284B1A10D}.Debug|x64.ActiveCfg = Debug|x64
		{4EC44F3F-651B-356D-8EA2-C61284B1A10D}.Debug|x64.Build.0 = Debug|x64
		{4EC44F3F-651B-356D-8EA2-C61284B1A10D}.Release|x64.ActiveCfg = Release|x64
		{4EC44F3F-651B-356D-8EA2-C61284B1A10D}.Release|x64.Build.0 = Release|x64
		{4EC44F3F-651B-356D-8EA2-C61284B1A10D}.MinSizeRel|x64.ActiveCfg = MinSizeRel|x64
		{4EC44F3F-651B-356D-8EA2-C61284B1A10D}.MinSizeRel|x64.Build.0 = MinSizeRel|x64
		{4EC44F3F-651B-356D-8EA2-C61284B1A10D}.RelWithDebInfo|x64.ActiveCfg = RelWithDebInfo|x64
		{4EC44F3F-651B-356D-8EA2-C61284B1A10D}.RelWithDebInfo|x64.Build.0 = RelWithDebInfo|x64
		{D6D8BE22-F42F-35F2-B542-4E19D94C6370}.Debug|x64.ActiveCfg = Debug|x64
		{D6D8BE22-F42F-35F2-B542-4E19D94C6370}.Debug|x64.Build.0 = Debug|x64
		{D6D8BE22-F42F-35F2-B542-4E19D94C6370}.Release|x64.ActiveCfg = Release|x64
		{D6D8BE22-F42F-35F2-B542-4E19D94C6370}.Release|x64.Build.0 = Release|x64
		{D6D8BE22-F42F-35F2-B542-4E19D94C6370}.MinSizeRel|x64.ActiveCfg = MinSizeRel|x64
		{D6D8BE22-F42F-35F2-B542-4E19D94C6370}.MinSizeRel|x64.Build.0 = MinSizeRel|x64
		{D6D8BE22-F42F-35F2-B542-4E19D94C6370}.RelWithDebInfo|x64.ActiveCfg = RelWithDebInfo|x64
		{D6D8BE22-F42F-35F2-B542-4E19D94C6370}.RelWithDebInfo|x64.Build.0 = RelWithDebInfo|x64
		{846C1248-A85B-31B8-B29F-FE0F5371CE05}.Debug|x64.ActiveCfg = Debug|x64
		{846C1248-A85B-31B8-B29F-FE0F5371CE05}.Debug|x64.Build.0 = Debug|x64
		{846C1248-A85B-31B8-B29F-FE0F5371CE05}.Release|x64.ActiveCfg = Release|x64
		{846C1248-A85B-31B8-B29F-FE0F5371CE05}.Release|x64.Build.0 = Release|x64
		{846C1248-A85B-31B8-B29F-FE0F5371CE05}.MinSizeRel|x64.ActiveCfg = MinSizeRel|x64
		{846C1248-A85B-31B8-B29F-FE0F5371CE05}.MinSizeRel|x64.Build.0 = MinSizeRel|x64
		{846C1248-A85B-31B8-B29F-FE0F5371CE05}.RelWithDebInfo|x64.ActiveCfg = RelWithDebInfo|x64
		{846C1248-A85B-31B8-B29F-FE0F5371CE05}.RelWithDebInfo|x64.Build.0 = RelWithDebInfo|x64
		{DAF97DE6-BE4B-3AAD-8490-DA095FB67649}.Debug|x64.ActiveCfg = Debug|x64
		{DAF97DE6-BE4B-3AAD-8490-DA095FB67649}.Debug|x64.Build.0 = Debug|x64
		{DAF97DE6-BE4B-3AAD-8490-DA095FB67649}.Release|x64.ActiveCfg = Release|x64
		{DAF97DE6-BE4B-3AAD-8490-DA095FB67649}.Release|x64.Build.0 = Release|x64
		{DAF97DE6-BE4B-3AAD-8490-DA095FB67649}.MinSizeRel|x64.ActiveCfg = MinSizeRel|x64
		{DAF97DE6-BE4B-3AAD-8490-DA095FB67649}.MinSizeRel|x64.Build.0 = MinSizeRel|x64
		{DAF97DE6-BE4B-3AAD-8490-DA095FB67649}.RelWithDebInfo|x64.ActiveCfg = RelWithDebInfo|x64
		{DAF97DE6-BE4B-3AAD-8490-DA095FB67649}.RelWithDebInfo|x64.Build.0 = RelWithDebInfo|x64
		{00E23E73-5FC3-30B8-9850-BF6D232B766B}.Debug|x64.ActiveCfg = Debug|x64
		{00E23E73-5FC3-30B8-9850-BF6D232B766B}.Debug|x64.Build.0 = Debug|x64
		{00E23E73-5FC3-30B8-9850-BF6D232B766B}.Release|x64.ActiveCfg = Release|x64
		{00E23E73-5FC3-30B8-9850-BF6D232B766B}.Release|x64.Build.0 = Release|x64
		{00E23E73-5FC3-30B8-9850-BF6D232B766B}.MinSizeRel|x64.ActiveCfg = MinSizeRel|x64
		{00E23E73-5FC3-30B8-9850-BF6D232B766B}.MinSizeRel|x64.Build.0 = MinSizeRel|x64
		{00E23E73-5FC3-30B8-9850-BF6D232B766B}.RelWithDebInfo|x64.ActiveCfg = RelWithDebInfo|x64
		{00E23E73-5FC3-30B8-9850-BF6D232B766B}.RelWithDebInfo|x64.Build.0 = RelWithDebInfo|x64
		{2528B90D-FABF-3751-A94A-FDFE440B0D08}.Debug|x64.ActiveCfg = Debug|x64
		{2528B90D-FABF-3751-A94A-FDFE440B0D08}.Release|x64.ActiveCfg = Release|x64
		{2528B90D-FABF-3751-A94A-FDFE440B0D08}.MinSizeRel|x64.ActiveCfg = MinSizeRel|x64
		{2528B90D-FABF-3751-A94A-FDFE440B0D08}.RelWithDebInfo|x64.ActiveCfg = RelWithDebInfo|x64
		{464BF97D-25D4-39F8-969F-F7EE9B32DD44}.Debug|x64.ActiveCfg = Debug|x64
		{464BF97D-25D4-39F8-969F-F7EE9B32DD44}.Debug|x64.Build.0 = Debug|x64
		{464BF97D-25D4-39F8-969F-F7EE9B32DD44}.Release|x64.ActiveCfg = Release|x64
		{464BF97D-25D4-39F8-969F-F7EE9B32DD44}.Release|x64.Build.0 = Release|x64
		{464BF97D-25D4-39F8-969F-F7EE9B32DD44}.MinSizeRel|x64.ActiveCfg = MinSizeRel|x64
		{464BF97D-25D4-39F8-969F-F7EE9B32DD44}.MinSizeRel|x64.Build.0 = MinSizeRel|x64
		{464BF97D-25D4-39F8-969F-F7EE9B32DD44}.RelWithDebInfo|x64.ActiveCfg = RelWithDebInfo|x64
		{464BF97D-25D4-39F8-969F-F7EE9B32DD44}.RelWithDebInfo|x64.Build.0 = RelWithDebInfo|x64
		{78CF0A67-1FA5-3C4D-BF7D-3FDB98F49342}.Debug|x64.ActiveCfg = Debug|x64
		{78CF0A67-1FA5-3C4D-BF7D-3FDB98F49342}.Debug|x64.Build.0 = Debug|x64
		{78CF0A67-1FA5-3C4D-BF7D-3FDB98F49342}.Release|x64.ActiveCfg = Release|x64
		{78CF0A67-1FA5-3C4D-BF7D-3FDB98F49342}.Release|x64.Build.0 = Release|x64
		{78CF0A67-1FA5-3C4D-BF7D-3FDB98F49342}.MinSizeRel|x64.ActiveCfg = MinSizeRel|x64
		{78CF0A67-1FA5-3C4D-BF7D-3FDB98F49342}.MinSizeRel|x64.Build.0 = MinSizeRel|x64
		{78CF0A67-1FA5-3C4D-BF7D-3FDB98F49342}.RelWithDebInfo|x64.ActiveCfg = RelWithDebInfo|x64
		{78CF0A67-1FA5-3C4D-BF7D-3FDB98F49342}.RelWithDebInfo|x64.Build.0 = RelWithDebInfo|x64
		{4E23ABB2-ED9A-3D07-BFA9-A3CE644065CB}.Debug|x64.ActiveCfg = Debug|x64
		{4E23ABB2-ED9A-3D07-BFA9-A3CE644065CB}.Debug|x64.Build.0 = Debug|x64
		{4E23ABB2-ED9A-3D07-BFA9-A3CE644065CB}.Release|x64.ActiveCfg = Release|x64
		{4E23ABB2-ED9A-3D07-BFA9-A3CE644065CB}.Release|x64.Build.0 = Release|x64
		{4E23ABB2-ED9A-3D07-BFA9-A3CE644065CB}.MinSizeRel|x64.ActiveCfg = MinSizeRel|x64
		{4E23ABB2-ED9A-3D07-BFA9-A3CE644065CB}.MinSizeRel|x64.Build.0 = MinSizeRel|x64
		{4E23ABB2-ED9A-3D07-BFA9-A3CE644065CB}.RelWithDebInfo|x64.ActiveCfg = RelWithDebInfo|x64
		{4E23ABB2-ED9A-3D07-BFA9-A3CE644065CB}.RelWithDebInfo|x64.Build.0 = RelWithDebInfo|x64
		{BD1D10E3-E66F-3546-A61F-DC746B60BD57}.Debug|x64.ActiveCfg = Debug|x64
		{BD1D10E3-E66F-3546-A61F-DC746B60BD57}.Debug|x64.Build.0 = Debug|x64
		{BD1D10E3-E66F-3546-A61F-DC746B60BD57}.Release|x64.ActiveCfg = Release|x64
		{BD1D10E3-E66F-3546-A61F-DC746B60BD57}.Release|x64.Build.0 = Release|x64
		{BD1D10E3-E66F-3546-A61F-DC746B60BD57}.MinSizeRel|x64.ActiveCfg = MinSizeRel|x64
		{BD1D10E3-E66F-3546-A61F-DC746B60BD57}.MinSizeRel|x64.Build.0 = MinSizeRel|x64
		{BD1D10E3-E66F-3546-A61F-DC746B60BD57}.RelWithDebInfo|x64.ActiveCfg = RelWithDebInfo|x64
		{BD1D10E3-E66F-3546-A61F-DC746B60BD57}.RelWithDebInfo|x64.Build.0 = RelWithDebInfo|x64
		{6986A299-EA9B-3A2F-942B-3152D5A94194}.Debug|x64.ActiveCfg = Debug|x64
		{6986A299-EA9B-3A2F-942B-3152D5A94194}.Debug|x64.Build.0 = Debug|x64
		{6986A299-EA9B-3A2F-942B-3152D5A94194}.Release|x64.ActiveCfg = Release|x64
		{6986A299-EA9B-3A2F-942B-3152D5A94194}.Release|x64.Build.0 = Release|x64
		{6986A299-EA9B-3A2F-942B-3152D5A94194}.MinSizeRel|x64.ActiveCfg = MinSizeRel|x64
		{6986A299-EA9B-3A2F-942B-3152D5A94194}.MinSizeRel|x64.Build.0 = MinSizeRel|x64
		{6986A299-EA9B-3A2F-942B-3152D5A94194}.RelWithDebInfo|x64.ActiveCfg = RelWithDebInfo|x64
		{6986A299-EA9B-3A2F-942B-3152D5A94194}.RelWithDebInfo|x64.Build.0 = RelWithDebInfo|x64
		{49AD441F-4236-3069-A02A-3A08D10F127D}.Debug|x64.ActiveCfg = Debug|x64
		{49AD441F-4236-3069-A02A-3A08D10F127D}.Release|x64.ActiveCfg = Release|x64
		{49AD441F-4236-3069-A02A-3A08D10F127D}.MinSizeRel|x64.ActiveCfg = MinSizeRel|x64
		{49AD441F-4236-3069-A02A-3A08D10F127D}.RelWithDebInfo|x64.ActiveCfg = RelWithDebInfo|x64
	EndGlobalSection
	GlobalSection(ExtensibilityGlobals) = postSolution
		SolutionGuid = {3E85ACE9-72B3-355F-BBD2-B02CC44C0D0E}
	EndGlobalSection
	GlobalSection(ExtensibilityAddIns) = postSolution
	EndGlobalSection
EndGlobal
