
Microsoft Visual Studio Solution File, Format Version 12.00
# Visual Studio Version 17
Project("{8BC9CEB8-8B4A-11D0-8D11-00A0C91BC942}") = "ALL_BUILD", "ALL_BUILD.vcxproj", "{579254EE-282D-3077-9004-A945C604D413}"
	ProjectSection(ProjectDependencies) = postProject
		{BB9E3378-F11E-3FC3-9BD1-791722BE14A5} = {BB9E3378-F11E-3FC3-9BD1-791722BE14A5}
		{0587F2B2-7A52-3B13-8B99-18012D1E771C} = {0587F2B2-7A52-3B13-8B99-18012D1E771C}
		{5D940BE4-4FCB-3A4A-A87E-24C873401354} = {5D940BE4-4FCB-3A4A-A87E-24C873401354}
		{469BFBFE-5A17-37FF-8B52-E322744FB6F7} = {469BFBFE-5A17-37FF-8B52-E322744FB6F7}
		{B208E24E-1E01-3CAD-BF08-10B7609E0681} = {B208E24E-1E01-3CAD-BF08-10B7609E0681}
		{FC181221-85C1-33C7-928F-64CE3C2144B0} = {FC181221-85C1-33C7-928F-64CE3C2144B0}
		{9156024D-0E3F-3852-AAE7-87B1EAFE60D8} = {9156024D-0E3F-3852-AAE7-87B1EAFE60D8}
		{6A26AE31-3746-35BD-8E82-DE42521E8A4C} = {6A26AE31-3746-35BD-8E82-DE42521E8A4C}
		{B7E944EE-6567-3003-889F-191803BB6B05} = {B7E944EE-6567-3003-889F-191803BB6B05}
		{019EC68C-7AB9-3637-9F32-E2725EEB58E7} = {019EC68C-7AB9-3637-9F32-E2725EEB58E7}
		{509801D8-EA02-381E-BF38-87DBF61544E5} = {509801D8-EA02-381E-BF38-87DBF61544E5}
		{D52BA461-514B-3FF7-A8FE-132D8FBA72F8} = {D52BA461-514B-3FF7-A8FE-132D8FBA72F8}
		{95F464D3-36DC-30E2-9149-60C7D2CE6479} = {95F464D3-36DC-30E2-9149-60C7D2CE6479}
		{75F1A7E9-0C53-3EF5-992E-C24B9F50931B} = {75F1A7E9-0C53-3EF5-992E-C24B9F50931B}
		{4FBD66D4-902A-3375-9703-5B766A2BD0FC} = {4FBD66D4-902A-3375-9703-5B766A2BD0FC}
		{4ABD456F-D4F5-37A4-A93A-758C56DD9AAA} = {4ABD456F-D4F5-37A4-A93A-758C56DD9AAA}
		{73DE5204-BCE9-3E0C-AFE1-8D63C8B5683A} = {73DE5204-BCE9-3E0C-AFE1-8D63C8B5683A}
		{0CD5578E-FB14-3094-9975-AA49EA5B257C} = {0CD5578E-FB14-3094-9975-AA49EA5B257C}
		{B775F7D0-693D-3883-9F06-808371BDC8B5} = {B775F7D0-693D-3883-9F06-808371BDC8B5}
		{8D82C10D-BD6B-3A65-B912-FE766EAB5273} = {8D82C10D-BD6B-3A65-B912-FE766EAB5273}
		{E0402E4F-6162-33B6-8C1F-4FBC93F0F7A2} = {E0402E4F-6162-33B6-8C1F-4FBC93F0F7A2}
		{2DBA7090-8A29-3F71-B7D5-0120DB053F3A} = {2DBA7090-8A29-3F71-B7D5-0120DB053F3A}
		{FD34EB98-DE24-3F28-8B77-E0190976C7D6} = {FD34EB98-DE24-3F28-8B77-E0190976C7D6}
		{F6C32849-5F33-3390-B4CC-46CF7E35B30A} = {F6C32849-5F33-3390-B4CC-46CF7E35B30A}
		{38CF567B-9922-3892-9FBC-3A3AFA0557AA} = {38CF567B-9922-3892-9FBC-3A3AFA0557AA}
		{1E4123B3-855A-3226-B552-C331AC27640B} = {1E4123B3-855A-3226-B552-C331AC27640B}
		{657697E6-DDEA-3A67-903F-14817A52A35F} = {657697E6-DDEA-3A67-903F-14817A52A35F}
		{17E83C92-9A42-3ECF-80EF-B3A824FD4C72} = {17E83C92-9A42-3ECF-80EF-B3A824FD4C72}
	EndProjectSection
EndProject
Project("{8BC9CEB8-8B4A-11D0-8D11-00A0C91BC942}") = "CaesuraAmeKAG", "CaesuraAmeKAG.vcxproj", "{BB9E3378-F11E-3FC3-9BD1-791722BE14A5}"
	ProjectSection(ProjectDependencies) = postProject
		{0587F2B2-7A52-3B13-8B99-18012D1E771C} = {0587F2B2-7A52-3B13-8B99-18012D1E771C}
		{5D940BE4-4FCB-3A4A-A87E-24C873401354} = {5D940BE4-4FCB-3A4A-A87E-24C873401354}
		{469BFBFE-5A17-37FF-8B52-E322744FB6F7} = {469BFBFE-5A17-37FF-8B52-E322744FB6F7}
		{B208E24E-1E01-3CAD-BF08-10B7609E0681} = {B208E24E-1E01-3CAD-BF08-10B7609E0681}
		{FC181221-85C1-33C7-928F-64CE3C2144B0} = {FC181221-85C1-33C7-928F-64CE3C2144B0}
		{9156024D-0E3F-3852-AAE7-87B1EAFE60D8} = {9156024D-0E3F-3852-AAE7-87B1EAFE60D8}
		{6A26AE31-3746-35BD-8E82-DE42521E8A4C} = {6A26AE31-3746-35BD-8E82-DE42521E8A4C}
		{B7E944EE-6567-3003-889F-191803BB6B05} = {B7E944EE-6567-3003-889F-191803BB6B05}
		{019EC68C-7AB9-3637-9F32-E2725EEB58E7} = {019EC68C-7AB9-3637-9F32-E2725EEB58E7}
		{509801D8-EA02-381E-BF38-87DBF61544E5} = {509801D8-EA02-381E-BF38-87DBF61544E5}
		{D52BA461-514B-3FF7-A8FE-132D8FBA72F8} = {D52BA461-514B-3FF7-A8FE-132D8FBA72F8}
		{95F464D3-36DC-30E2-9149-60C7D2CE6479} = {95F464D3-36DC-30E2-9149-60C7D2CE6479}
		{75F1A7E9-0C53-3EF5-992E-C24B9F50931B} = {75F1A7E9-0C53-3EF5-992E-C24B9F50931B}
		{4FBD66D4-902A-3375-9703-5B766A2BD0FC} = {4FBD66D4-902A-3375-9703-5B766A2BD0FC}
		{4ABD456F-D4F5-37A4-A93A-758C56DD9AAA} = {4ABD456F-D4F5-37A4-A93A-758C56DD9AAA}
		{73DE5204-BCE9-3E0C-AFE1-8D63C8B5683A} = {73DE5204-BCE9-3E0C-AFE1-8D63C8B5683A}
		{B775F7D0-693D-3883-9F06-808371BDC8B5} = {B775F7D0-693D-3883-9F06-808371BDC8B5}
		{8D82C10D-BD6B-3A65-B912-FE766EAB5273} = {8D82C10D-BD6B-3A65-B912-FE766EAB5273}
		{E0402E4F-6162-33B6-8C1F-4FBC93F0F7A2} = {E0402E4F-6162-33B6-8C1F-4FBC93F0F7A2}
		{2DBA7090-8A29-3F71-B7D5-0120DB053F3A} = {2DBA7090-8A29-3F71-B7D5-0120DB053F3A}
		{F6C32849-5F33-3390-B4CC-46CF7E35B30A} = {F6C32849-5F33-3390-B4CC-46CF7E35B30A}
		{38CF567B-9922-3892-9FBC-3A3AFA0557AA} = {38CF567B-9922-3892-9FBC-3A3AFA0557AA}
		{1E4123B3-855A-3226-B552-C331AC27640B} = {1E4123B3-855A-3226-B552-C331AC27640B}
		{657697E6-DDEA-3A67-903F-14817A52A35F} = {657697E6-DDEA-3A67-903F-14817A52A35F}
		{17E83C92-9A42-3ECF-80EF-B3A824FD4C72} = {17E83C92-9A42-3ECF-80EF-B3A824FD4C72}
	EndProjectSection
EndProject
Project("{8BC9CEB8-8B4A-11D0-8D11-00A0C91BC942}") = "CaesuraArchive", "CaesuraArchive.vcxproj", "{0587F2B2-7A52-3B13-8B99-18012D1E771C}"
	ProjectSection(ProjectDependencies) = postProject
		{B775F7D0-693D-3883-9F06-808371BDC8B5} = {B775F7D0-693D-3883-9F06-808371BDC8B5}
		{F6C32849-5F33-3390-B4CC-46CF7E35B30A} = {F6C32849-5F33-3390-B4CC-46CF7E35B30A}
		{1E4123B3-855A-3226-B552-C331AC27640B} = {1E4123B3-855A-3226-B552-C331AC27640B}
	EndProjectSection
EndProject
Project("{8BC9CEB8-8B4A-11D0-8D11-00A0C91BC942}") = "CaesuraAudio", "CaesuraAudio.vcxproj", "{5D940BE4-4FCB-3A4A-A87E-24C873401354}"
	ProjectSection(ProjectDependencies) = postProject
		{B208E24E-1E01-3CAD-BF08-10B7609E0681} = {B208E24E-1E01-3CAD-BF08-10B7609E0681}
		{B775F7D0-693D-3883-9F06-808371BDC8B5} = {B775F7D0-693D-3883-9F06-808371BDC8B5}
		{657697E6-DDEA-3A67-903F-14817A52A35F} = {657697E6-DDEA-3A67-903F-14817A52A35F}
		{17E83C92-9A42-3ECF-80EF-B3A824FD4C72} = {17E83C92-9A42-3ECF-80EF-B3A824FD4C72}
	EndProjectSection
EndProject
Project("{8BC9CEB8-8B4A-11D0-8D11-00A0C91BC942}") = "CaesuraDebug", "CaesuraDebug.vcxproj", "{469BFBFE-5A17-37FF-8B52-E322744FB6F7}"
	ProjectSection(ProjectDependencies) = postProject
		{B775F7D0-693D-3883-9F06-808371BDC8B5} = {B775F7D0-693D-3883-9F06-808371BDC8B5}
		{8D82C10D-BD6B-3A65-B912-FE766EAB5273} = {8D82C10D-BD6B-3A65-B912-FE766EAB5273}
		{E0402E4F-6162-33B6-8C1F-4FBC93F0F7A2} = {E0402E4F-6162-33B6-8C1F-4FBC93F0F7A2}
		{2DBA7090-8A29-3F71-B7D5-0120DB053F3A} = {2DBA7090-8A29-3F71-B7D5-0120DB053F3A}
		{657697E6-DDEA-3A67-903F-14817A52A35F} = {657697E6-DDEA-3A67-903F-14817A52A35F}
	EndProjectSection
EndProject
Project("{8BC9CEB8-8B4A-11D0-8D11-00A0C91BC942}") = "CaesuraDi", "CaesuraDi.vcxproj", "{B208E24E-1E01-3CAD-BF08-10B7609E0681}"
	ProjectSection(ProjectDependencies) = postProject
		{B775F7D0-693D-3883-9F06-808371BDC8B5} = {B775F7D0-693D-3883-9F06-808371BDC8B5}
		{657697E6-DDEA-3A67-903F-14817A52A35F} = {657697E6-DDEA-3A67-903F-14817A52A35F}
	EndProjectSection
EndProject
Project("{8BC9CEB8-8B4A-11D0-8D11-00A0C91BC942}") = "CaesuraEntry", "CaesuraEntry.vcxproj", "{FC181221-85C1-33C7-928F-64CE3C2144B0}"
	ProjectSection(ProjectDependencies) = postProject
		{0587F2B2-7A52-3B13-8B99-18012D1E771C} = {0587F2B2-7A52-3B13-8B99-18012D1E771C}
		{5D940BE4-4FCB-3A4A-A87E-24C873401354} = {5D940BE4-4FCB-3A4A-A87E-24C873401354}
		{469BFBFE-5A17-37FF-8B52-E322744FB6F7} = {469BFBFE-5A17-37FF-8B52-E322744FB6F7}
		{B208E24E-1E01-3CAD-BF08-10B7609E0681} = {B208E24E-1E01-3CAD-BF08-10B7609E0681}
		{9156024D-0E3F-3852-AAE7-87B1EAFE60D8} = {9156024D-0E3F-3852-AAE7-87B1EAFE60D8}
		{6A26AE31-3746-35BD-8E82-DE42521E8A4C} = {6A26AE31-3746-35BD-8E82-DE42521E8A4C}
		{B7E944EE-6567-3003-889F-191803BB6B05} = {B7E944EE-6567-3003-889F-191803BB6B05}
		{019EC68C-7AB9-3637-9F32-E2725EEB58E7} = {019EC68C-7AB9-3637-9F32-E2725EEB58E7}
		{509801D8-EA02-381E-BF38-87DBF61544E5} = {509801D8-EA02-381E-BF38-87DBF61544E5}
		{D52BA461-514B-3FF7-A8FE-132D8FBA72F8} = {D52BA461-514B-3FF7-A8FE-132D8FBA72F8}
		{95F464D3-36DC-30E2-9149-60C7D2CE6479} = {95F464D3-36DC-30E2-9149-60C7D2CE6479}
		{4FBD66D4-902A-3375-9703-5B766A2BD0FC} = {4FBD66D4-902A-3375-9703-5B766A2BD0FC}
		{4ABD456F-D4F5-37A4-A93A-758C56DD9AAA} = {4ABD456F-D4F5-37A4-A93A-758C56DD9AAA}
		{73DE5204-BCE9-3E0C-AFE1-8D63C8B5683A} = {73DE5204-BCE9-3E0C-AFE1-8D63C8B5683A}
		{B775F7D0-693D-3883-9F06-808371BDC8B5} = {B775F7D0-693D-3883-9F06-808371BDC8B5}
		{8D82C10D-BD6B-3A65-B912-FE766EAB5273} = {8D82C10D-BD6B-3A65-B912-FE766EAB5273}
		{E0402E4F-6162-33B6-8C1F-4FBC93F0F7A2} = {E0402E4F-6162-33B6-8C1F-4FBC93F0F7A2}
		{2DBA7090-8A29-3F71-B7D5-0120DB053F3A} = {2DBA7090-8A29-3F71-B7D5-0120DB053F3A}
		{F6C32849-5F33-3390-B4CC-46CF7E35B30A} = {F6C32849-5F33-3390-B4CC-46CF7E35B30A}
		{38CF567B-9922-3892-9FBC-3A3AFA0557AA} = {38CF567B-9922-3892-9FBC-3A3AFA0557AA}
		{1E4123B3-855A-3226-B552-C331AC27640B} = {1E4123B3-855A-3226-B552-C331AC27640B}
		{657697E6-DDEA-3A67-903F-14817A52A35F} = {657697E6-DDEA-3A67-903F-14817A52A35F}
		{17E83C92-9A42-3ECF-80EF-B3A824FD4C72} = {17E83C92-9A42-3ECF-80EF-B3A824FD4C72}
	EndProjectSection
EndProject
Project("{8BC9CEB8-8B4A-11D0-8D11-00A0C91BC942}") = "CaesuraInput", "CaesuraInput.vcxproj", "{9156024D-0E3F-3852-AAE7-87B1EAFE60D8}"
	ProjectSection(ProjectDependencies) = postProject
		{B775F7D0-693D-3883-9F06-808371BDC8B5} = {B775F7D0-693D-3883-9F06-808371BDC8B5}
	EndProjectSection
EndProject
Project("{8BC9CEB8-8B4A-11D0-8D11-00A0C91BC942}") = "CaesuraJob", "CaesuraJob.vcxproj", "{6A26AE31-3746-35BD-8E82-DE42521E8A4C}"
	ProjectSection(ProjectDependencies) = postProject
		{B208E24E-1E01-3CAD-BF08-10B7609E0681} = {B208E24E-1E01-3CAD-BF08-10B7609E0681}
		{B775F7D0-693D-3883-9F06-808371BDC8B5} = {B775F7D0-693D-3883-9F06-808371BDC8B5}
		{657697E6-DDEA-3A67-903F-14817A52A35F} = {657697E6-DDEA-3A67-903F-14817A52A35F}
	EndProjectSection
EndProject
Project("{8BC9CEB8-8B4A-11D0-8D11-00A0C91BC942}") = "CaesuraLive2D", "CaesuraLive2D.vcxproj", "{B7E944EE-6567-3003-889F-191803BB6B05}"
	ProjectSection(ProjectDependencies) = postProject
		{B208E24E-1E01-3CAD-BF08-10B7609E0681} = {B208E24E-1E01-3CAD-BF08-10B7609E0681}
		{B775F7D0-693D-3883-9F06-808371BDC8B5} = {B775F7D0-693D-3883-9F06-808371BDC8B5}
		{8D82C10D-BD6B-3A65-B912-FE766EAB5273} = {8D82C10D-BD6B-3A65-B912-FE766EAB5273}
		{E0402E4F-6162-33B6-8C1F-4FBC93F0F7A2} = {E0402E4F-6162-33B6-8C1F-4FBC93F0F7A2}
		{2DBA7090-8A29-3F71-B7D5-0120DB053F3A} = {2DBA7090-8A29-3F71-B7D5-0120DB053F3A}
		{657697E6-DDEA-3A67-903F-14817A52A35F} = {657697E6-DDEA-3A67-903F-14817A52A35F}
	EndProjectSection
EndProject
Project("{8BC9CEB8-8B4A-11D0-8D11-00A0C91BC942}") = "CaesuraMiniGame", "CaesuraMiniGame.vcxproj", "{019EC68C-7AB9-3637-9F32-E2725EEB58E7}"
	ProjectSection(ProjectDependencies) = postProject
		{B208E24E-1E01-3CAD-BF08-10B7609E0681} = {B208E24E-1E01-3CAD-BF08-10B7609E0681}
		{B775F7D0-693D-3883-9F06-808371BDC8B5} = {B775F7D0-693D-3883-9F06-808371BDC8B5}
		{8D82C10D-BD6B-3A65-B912-FE766EAB5273} = {8D82C10D-BD6B-3A65-B912-FE766EAB5273}
		{E0402E4F-6162-33B6-8C1F-4FBC93F0F7A2} = {E0402E4F-6162-33B6-8C1F-4FBC93F0F7A2}
		{2DBA7090-8A29-3F71-B7D5-0120DB053F3A} = {2DBA7090-8A29-3F71-B7D5-0120DB053F3A}
		{657697E6-DDEA-3A67-903F-14817A52A35F} = {657697E6-DDEA-3A67-903F-14817A52A35F}
	EndProjectSection
EndProject
Project("{8BC9CEB8-8B4A-11D0-8D11-00A0C91BC942}") = "CaesuraPlatform", "CaesuraPlatform.vcxproj", "{509801D8-EA02-381E-BF38-87DBF61544E5}"
	ProjectSection(ProjectDependencies) = postProject
		{B775F7D0-693D-3883-9F06-808371BDC8B5} = {B775F7D0-693D-3883-9F06-808371BDC8B5}
		{657697E6-DDEA-3A67-903F-14817A52A35F} = {657697E6-DDEA-3A67-903F-14817A52A35F}
	EndProjectSection
EndProject
Project("{8BC9CEB8-8B4A-11D0-8D11-00A0C91BC942}") = "CaesuraRender", "CaesuraRender.vcxproj", "{D52BA461-514B-3FF7-A8FE-132D8FBA72F8}"
	ProjectSection(ProjectDependencies) = postProject
		{469BFBFE-5A17-37FF-8B52-E322744FB6F7} = {469BFBFE-5A17-37FF-8B52-E322744FB6F7}
		{B208E24E-1E01-3CAD-BF08-10B7609E0681} = {B208E24E-1E01-3CAD-BF08-10B7609E0681}
		{B775F7D0-693D-3883-9F06-808371BDC8B5} = {B775F7D0-693D-3883-9F06-808371BDC8B5}
		{8D82C10D-BD6B-3A65-B912-FE766EAB5273} = {8D82C10D-BD6B-3A65-B912-FE766EAB5273}
		{E0402E4F-6162-33B6-8C1F-4FBC93F0F7A2} = {E0402E4F-6162-33B6-8C1F-4FBC93F0F7A2}
		{2DBA7090-8A29-3F71-B7D5-0120DB053F3A} = {2DBA7090-8A29-3F71-B7D5-0120DB053F3A}
		{38CF567B-9922-3892-9FBC-3A3AFA0557AA} = {38CF567B-9922-3892-9FBC-3A3AFA0557AA}
		{657697E6-DDEA-3A67-903F-14817A52A35F} = {657697E6-DDEA-3A67-903F-14817A52A35F}
	EndProjectSection
EndProject
Project("{8BC9CEB8-8B4A-11D0-8D11-00A0C91BC942}") = "CaesuraResource", "CaesuraResource.vcxproj", "{95F464D3-36DC-30E2-9149-60C7D2CE6479}"
	ProjectSection(ProjectDependencies) = postProject
		{B208E24E-1E01-3CAD-BF08-10B7609E0681} = {B208E24E-1E01-3CAD-BF08-10B7609E0681}
		{B775F7D0-693D-3883-9F06-808371BDC8B5} = {B775F7D0-693D-3883-9F06-808371BDC8B5}
		{E0402E4F-6162-33B6-8C1F-4FBC93F0F7A2} = {E0402E4F-6162-33B6-8C1F-4FBC93F0F7A2}
		{2DBA7090-8A29-3F71-B7D5-0120DB053F3A} = {2DBA7090-8A29-3F71-B7D5-0120DB053F3A}
		{657697E6-DDEA-3A67-903F-14817A52A35F} = {657697E6-DDEA-3A67-903F-14817A52A35F}
	EndProjectSection
EndProject
Project("{8BC9CEB8-8B4A-11D0-8D11-00A0C91BC942}") = "CaesuraRpc", "CaesuraRpc.vcxproj", "{75F1A7E9-0C53-3EF5-992E-C24B9F50931B}"
	ProjectSection(ProjectDependencies) = postProject
		{B775F7D0-693D-3883-9F06-808371BDC8B5} = {B775F7D0-693D-3883-9F06-808371BDC8B5}
	EndProjectSection
EndProject
Project("{8BC9CEB8-8B4A-11D0-8D11-00A0C91BC942}") = "CaesuraScript", "CaesuraScript.vcxproj", "{4FBD66D4-902A-3375-9703-5B766A2BD0FC}"
	ProjectSection(ProjectDependencies) = postProject
		{B208E24E-1E01-3CAD-BF08-10B7609E0681} = {B208E24E-1E01-3CAD-BF08-10B7609E0681}
		{B775F7D0-693D-3883-9F06-808371BDC8B5} = {B775F7D0-693D-3883-9F06-808371BDC8B5}
		{657697E6-DDEA-3A67-903F-14817A52A35F} = {657697E6-DDEA-3A67-903F-14817A52A35F}
	EndProjectSection
EndProject
Project("{8BC9CEB8-8B4A-11D0-8D11-00A0C91BC942}") = "CaesuraSteam", "CaesuraSteam.vcxproj", "{4ABD456F-D4F5-37A4-A93A-758C56DD9AAA}"
	ProjectSection(ProjectDependencies) = postProject
		{B775F7D0-693D-3883-9F06-808371BDC8B5} = {B775F7D0-693D-3883-9F06-808371BDC8B5}
	EndProjectSection
EndProject
Project("{8BC9CEB8-8B4A-11D0-8D11-00A0C91BC942}") = "CaesuraStorage", "CaesuraStorage.vcxproj", "{73DE5204-BCE9-3E0C-AFE1-8D63C8B5683A}"
	ProjectSection(ProjectDependencies) = postProject
		{B208E24E-1E01-3CAD-BF08-10B7609E0681} = {B208E24E-1E01-3CAD-BF08-10B7609E0681}
		{B775F7D0-693D-3883-9F06-808371BDC8B5} = {B775F7D0-693D-3883-9F06-808371BDC8B5}
		{8D82C10D-BD6B-3A65-B912-FE766EAB5273} = {8D82C10D-BD6B-3A65-B912-FE766EAB5273}
		{E0402E4F-6162-33B6-8C1F-4FBC93F0F7A2} = {E0402E4F-6162-33B6-8C1F-4FBC93F0F7A2}
		{2DBA7090-8A29-3F71-B7D5-0120DB053F3A} = {2DBA7090-8A29-3F71-B7D5-0120DB053F3A}
		{657697E6-DDEA-3A67-903F-14817A52A35F} = {657697E6-DDEA-3A67-903F-14817A52A35F}
	EndProjectSection
EndProject
Project("{8BC9CEB8-8B4A-11D0-8D11-00A0C91BC942}") = "CaesuraTests", "tests\CaesuraTests.vcxproj", "{0CD5578E-FB14-3094-9975-AA49EA5B257C}"
	ProjectSection(ProjectDependencies) = postProject
		{0587F2B2-7A52-3B13-8B99-18012D1E771C} = {0587F2B2-7A52-3B13-8B99-18012D1E771C}
		{5D940BE4-4FCB-3A4A-A87E-24C873401354} = {5D940BE4-4FCB-3A4A-A87E-24C873401354}
		{469BFBFE-5A17-37FF-8B52-E322744FB6F7} = {469BFBFE-5A17-37FF-8B52-E322744FB6F7}
		{B208E24E-1E01-3CAD-BF08-10B7609E0681} = {B208E24E-1E01-3CAD-BF08-10B7609E0681}
		{FC181221-85C1-33C7-928F-64CE3C2144B0} = {FC181221-85C1-33C7-928F-64CE3C2144B0}
		{9156024D-0E3F-3852-AAE7-87B1EAFE60D8} = {9156024D-0E3F-3852-AAE7-87B1EAFE60D8}
		{6A26AE31-3746-35BD-8E82-DE42521E8A4C} = {6A26AE31-3746-35BD-8E82-DE42521E8A4C}
		{B7E944EE-6567-3003-889F-191803BB6B05} = {B7E944EE-6567-3003-889F-191803BB6B05}
		{019EC68C-7AB9-3637-9F32-E2725EEB58E7} = {019EC68C-7AB9-3637-9F32-E2725EEB58E7}
		{509801D8-EA02-381E-BF38-87DBF61544E5} = {509801D8-EA02-381E-BF38-87DBF61544E5}
		{D52BA461-514B-3FF7-A8FE-132D8FBA72F8} = {D52BA461-514B-3FF7-A8FE-132D8FBA72F8}
		{95F464D3-36DC-30E2-9149-60C7D2CE6479} = {95F464D3-36DC-30E2-9149-60C7D2CE6479}
		{75F1A7E9-0C53-3EF5-992E-C24B9F50931B} = {75F1A7E9-0C53-3EF5-992E-C24B9F50931B}
		{4FBD66D4-902A-3375-9703-5B766A2BD0FC} = {4FBD66D4-902A-3375-9703-5B766A2BD0FC}
		{4ABD456F-D4F5-37A4-A93A-758C56DD9AAA} = {4ABD456F-D4F5-37A4-A93A-758C56DD9AAA}
		{73DE5204-BCE9-3E0C-AFE1-8D63C8B5683A} = {73DE5204-BCE9-3E0C-AFE1-8D63C8B5683A}
		{B775F7D0-693D-3883-9F06-808371BDC8B5} = {B775F7D0-693D-3883-9F06-808371BDC8B5}
		{8D82C10D-BD6B-3A65-B912-FE766EAB5273} = {8D82C10D-BD6B-3A65-B912-FE766EAB5273}
		{E0402E4F-6162-33B6-8C1F-4FBC93F0F7A2} = {E0402E4F-6162-33B6-8C1F-4FBC93F0F7A2}
		{2DBA7090-8A29-3F71-B7D5-0120DB053F3A} = {2DBA7090-8A29-3F71-B7D5-0120DB053F3A}
		{F6C32849-5F33-3390-B4CC-46CF7E35B30A} = {F6C32849-5F33-3390-B4CC-46CF7E35B30A}
		{38CF567B-9922-3892-9FBC-3A3AFA0557AA} = {38CF567B-9922-3892-9FBC-3A3AFA0557AA}
		{1E4123B3-855A-3226-B552-C331AC27640B} = {1E4123B3-855A-3226-B552-C331AC27640B}
		{657697E6-DDEA-3A67-903F-14817A52A35F} = {657697E6-DDEA-3A67-903F-14817A52A35F}
		{17E83C92-9A42-3ECF-80EF-B3A824FD4C72} = {17E83C92-9A42-3ECF-80EF-B3A824FD4C72}
	EndProjectSection
EndProject
Project("{8BC9CEB8-8B4A-11D0-8D11-00A0C91BC942}") = "INSTALL", "INSTALL.vcxproj", "{9E659610-2F3B-39CA-B9D1-A0804F7B1BAB}"
	ProjectSection(ProjectDependencies) = postProject
		{579254EE-282D-3077-9004-A945C604D413} = {579254EE-282D-3077-9004-A945C604D413}
		{B775F7D0-693D-3883-9F06-808371BDC8B5} = {B775F7D0-693D-3883-9F06-808371BDC8B5}
	EndProjectSection
EndProject
Project("{8BC9CEB8-8B4A-11D0-8D11-00A0C91BC942}") = "PACKAGE", "PACKAGE.vcxproj", "{02F14A5A-D788-33CF-89A6-EB4B7302D443}"
	ProjectSection(ProjectDependencies) = postProject
		{579254EE-282D-3077-9004-A945C604D413} = {579254EE-282D-3077-9004-A945C604D413}
		{B775F7D0-693D-3883-9F06-808371BDC8B5} = {B775F7D0-693D-3883-9F06-808371BDC8B5}
	EndProjectSection
EndProject
Project("{8BC9CEB8-8B4A-11D0-8D11-00A0C91BC942}") = "RUN_TESTS", "RUN_TESTS.vcxproj", "{EB0ABDDB-AC27-35CB-A1A0-96300F732E80}"
	ProjectSection(ProjectDependencies) = postProject
		{B775F7D0-693D-3883-9F06-808371BDC8B5} = {B775F7D0-693D-3883-9F06-808371BDC8B5}
	EndProjectSection
EndProject
Project("{8BC9CEB8-8B4A-11D0-8D11-00A0C91BC942}") = "ZERO_CHECK", "ZERO_CHECK.vcxproj", "{B775F7D0-693D-3883-9F06-808371BDC8B5}"
	ProjectSection(ProjectDependencies) = postProject
	EndProjectSection
EndProject
Project("{8BC9CEB8-8B4A-11D0-8D11-00A0C91BC942}") = "bgfx", "bgfx_lib\bgfx.vcxproj", "{8D82C10D-BD6B-3A65-B912-FE766EAB5273}"
	ProjectSection(ProjectDependencies) = postProject
		{B775F7D0-693D-3883-9F06-808371BDC8B5} = {B775F7D0-693D-3883-9F06-808371BDC8B5}
		{E0402E4F-6162-33B6-8C1F-4FBC93F0F7A2} = {E0402E4F-6162-33B6-8C1F-4FBC93F0F7A2}
		{2DBA7090-8A29-3F71-B7D5-0120DB053F3A} = {2DBA7090-8A29-3F71-B7D5-0120DB053F3A}
	EndProjectSection
EndProject
Project("{8BC9CEB8-8B4A-11D0-8D11-00A0C91BC942}") = "bimg", "bimg\bimg.vcxproj", "{E0402E4F-6162-33B6-8C1F-4FBC93F0F7A2}"
	ProjectSection(ProjectDependencies) = postProject
		{B775F7D0-693D-3883-9F06-808371BDC8B5} = {B775F7D0-693D-3883-9F06-808371BDC8B5}
		{2DBA7090-8A29-3F71-B7D5-0120DB053F3A} = {2DBA7090-8A29-3F71-B7D5-0120DB053F3A}
	EndProjectSection
EndProject
Project("{8BC9CEB8-8B4A-11D0-8D11-00A0C91BC942}") = "bx", "bx\bx.vcxproj", "{2DBA7090-8A29-3F71-B7D5-0120DB053F3A}"
	ProjectSection(ProjectDependencies) = postProject
		{B775F7D0-693D-3883-9F06-808371BDC8B5} = {B775F7D0-693D-3883-9F06-808371BDC8B5}
	EndProjectSection
EndProject
Project("{8BC9CEB8-8B4A-11D0-8D11-00A0C91BC942}") = "carc_pack", "tools\carc_pack\carc_pack.vcxproj", "{FD34EB98-DE24-3F28-8B77-E0190976C7D6}"
	ProjectSection(ProjectDependencies) = postProject
		{0587F2B2-7A52-3B13-8B99-18012D1E771C} = {0587F2B2-7A52-3B13-8B99-18012D1E771C}
		{B775F7D0-693D-3883-9F06-808371BDC8B5} = {B775F7D0-693D-3883-9F06-808371BDC8B5}
		{F6C32849-5F33-3390-B4CC-46CF7E35B30A} = {F6C32849-5F33-3390-B4CC-46CF7E35B30A}
		{1E4123B3-855A-3226-B552-C331AC27640B} = {1E4123B3-855A-3226-B552-C331AC27640B}
	EndProjectSection
EndProject
Project("{8BC9CEB8-8B4A-11D0-8D11-00A0C91BC942}") = "clean-all", "zstd\clean-all.vcxproj", "{807B859B-8070-364A-B69C-F78E23BEC7F8}"
	ProjectSection(ProjectDependencies) = postProject
		{B775F7D0-693D-3883-9F06-808371BDC8B5} = {B775F7D0-693D-3883-9F06-808371BDC8B5}
	EndProjectSection
EndProject
Project("{8BC9CEB8-8B4A-11D0-8D11-00A0C91BC942}") = "ed25519", "ed25519.vcxproj", "{F6C32849-5F33-3390-B4CC-46CF7E35B30A}"
	ProjectSection(ProjectDependencies) = postProject
		{B775F7D0-693D-3883-9F06-808371BDC8B5} = {B775F7D0-693D-3883-9F06-808371BDC8B5}
	EndProjectSection
EndProject
Project("{8BC9CEB8-8B4A-11D0-8D11-00A0C91BC942}") = "freetype", "freetype\freetype.vcxproj", "{38CF567B-9922-3892-9FBC-3A3AFA0557AA}"
	ProjectSection(ProjectDependencies) = postProject
		{B775F7D0-693D-3883-9F06-808371BDC8B5} = {B775F7D0-693D-3883-9F06-808371BDC8B5}
	EndProjectSection
EndProject
Project("{8BC9CEB8-8B4A-11D0-8D11-00A0C91BC942}") = "libzstd_static", "zstd\lib\libzstd_static.vcxproj", "{1E4123B3-855A-3226-B552-C331AC27640B}"
	ProjectSection(ProjectDependencies) = postProject
		{B775F7D0-693D-3883-9F06-808371BDC8B5} = {B775F7D0-693D-3883-9F06-808371BDC8B5}
	EndProjectSection
EndProject
Project("{8BC9CEB8-8B4A-11D0-8D11-00A0C91BC942}") = "lua", "lua\lua.vcxproj", "{657697E6-DDEA-3A67-903F-14817A52A35F}"
	ProjectSection(ProjectDependencies) = postProject
		{B775F7D0-693D-3883-9F06-808371BDC8B5} = {B775F7D0-693D-3883-9F06-808371BDC8B5}
	EndProjectSection
EndProject
Project("{8BC9CEB8-8B4A-11D0-8D11-00A0C91BC942}") = "soloud", "soloud\soloud.vcxproj", "{17E83C92-9A42-3ECF-80EF-B3A824FD4C72}"
	ProjectSection(ProjectDependencies) = postProject
		{B775F7D0-693D-3883-9F06-808371BDC8B5} = {B775F7D0-693D-3883-9F06-808371BDC8B5}
	EndProjectSection
EndProject
Project("{8BC9CEB8-8B4A-11D0-8D11-00A0C91BC942}") = "uninstall", "zstd\lib\uninstall.vcxproj", "{5E769981-2C1A-3BA9-9835-14DA9214725E}"
	ProjectSection(ProjectDependencies) = postProject
		{B775F7D0-693D-3883-9F06-808371BDC8B5} = {B775F7D0-693D-3883-9F06-808371BDC8B5}
	EndProjectSection
EndProject
Global
	GlobalSection(SolutionConfigurationPlatforms) = preSolution
		Debug|x64 = Debug|x64
		Release|x64 = Release|x64
		MinSizeRel|x64 = MinSizeRel|x64
		RelWithDebInfo|x64 = RelWithDebInfo|x64
	EndGlobalSection
	GlobalSection(ProjectConfigurationPlatforms) = postSolution
		{579254EE-282D-3077-9004-A945C604D413}.Debug|x64.ActiveCfg = Debug|x64
		{579254EE-282D-3077-9004-A945C604D413}.Debug|x64.Build.0 = Debug|x64
		{579254EE-282D-3077-9004-A945C604D413}.Release|x64.ActiveCfg = Release|x64
		{579254EE-282D-3077-9004-A945C604D413}.Release|x64.Build.0 = Release|x64
		{579254EE-282D-3077-9004-A945C604D413}.MinSizeRel|x64.ActiveCfg = MinSizeRel|x64
		{579254EE-282D-3077-9004-A945C604D413}.MinSizeRel|x64.Build.0 = MinSizeRel|x64
		{579254EE-282D-3077-9004-A945C604D413}.RelWithDebInfo|x64.ActiveCfg = RelWithDebInfo|x64
		{579254EE-282D-3077-9004-A945C604D413}.RelWithDebInfo|x64.Build.0 = RelWithDebInfo|x64
		{BB9E3378-F11E-3FC3-9BD1-791722BE14A5}.Debug|x64.ActiveCfg = Debug|x64
		{BB9E3378-F11E-3FC3-9BD1-791722BE14A5}.Debug|x64.Build.0 = Debug|x64
		{BB9E3378-F11E-3FC3-9BD1-791722BE14A5}.Release|x64.ActiveCfg = Release|x64
		{BB9E3378-F11E-3FC3-9BD1-791722BE14A5}.Release|x64.Build.0 = Release|x64
		{BB9E3378-F11E-3FC3-9BD1-791722BE14A5}.MinSizeRel|x64.ActiveCfg = MinSizeRel|x64
		{BB9E3378-F11E-3FC3-9BD1-791722BE14A5}.MinSizeRel|x64.Build.0 = MinSizeRel|x64
		{BB9E3378-F11E-3FC3-9BD1-791722BE14A5}.RelWithDebInfo|x64.ActiveCfg = RelWithDebInfo|x64
		{BB9E3378-F11E-3FC3-9BD1-791722BE14A5}.RelWithDebInfo|x64.Build.0 = RelWithDebInfo|x64
		{0587F2B2-7A52-3B13-8B99-18012D1E771C}.Debug|x64.ActiveCfg = Debug|x64
		{0587F2B2-7A52-3B13-8B99-18012D1E771C}.Debug|x64.Build.0 = Debug|x64
		{0587F2B2-7A52-3B13-8B99-18012D1E771C}.Release|x64.ActiveCfg = Release|x64
		{0587F2B2-7A52-3B13-8B99-18012D1E771C}.Release|x64.Build.0 = Release|x64
		{0587F2B2-7A52-3B13-8B99-18012D1E771C}.MinSizeRel|x64.ActiveCfg = MinSizeRel|x64
		{0587F2B2-7A52-3B13-8B99-18012D1E771C}.MinSizeRel|x64.Build.0 = MinSizeRel|x64
		{0587F2B2-7A52-3B13-8B99-18012D1E771C}.RelWithDebInfo|x64.ActiveCfg = RelWithDebInfo|x64
		{0587F2B2-7A52-3B13-8B99-18012D1E771C}.RelWithDebInfo|x64.Build.0 = RelWithDebInfo|x64
		{5D940BE4-4FCB-3A4A-A87E-24C873401354}.Debug|x64.ActiveCfg = Debug|x64
		{5D940BE4-4FCB-3A4A-A87E-24C873401354}.Debug|x64.Build.0 = Debug|x64
		{5D940BE4-4FCB-3A4A-A87E-24C873401354}.Release|x64.ActiveCfg = Release|x64
		{5D940BE4-4FCB-3A4A-A87E-24C873401354}.Release|x64.Build.0 = Release|x64
		{5D940BE4-4FCB-3A4A-A87E-24C873401354}.MinSizeRel|x64.ActiveCfg = MinSizeRel|x64
		{5D940BE4-4FCB-3A4A-A87E-24C873401354}.MinSizeRel|x64.Build.0 = MinSizeRel|x64
		{5D940BE4-4FCB-3A4A-A87E-24C873401354}.RelWithDebInfo|x64.ActiveCfg = RelWithDebInfo|x64
		{5D940BE4-4FCB-3A4A-A87E-24C873401354}.RelWithDebInfo|x64.Build.0 = RelWithDebInfo|x64
		{469BFBFE-5A17-37FF-8B52-E322744FB6F7}.Debug|x64.ActiveCfg = Debug|x64
		{469BFBFE-5A17-37FF-8B52-E322744FB6F7}.Debug|x64.Build.0 = Debug|x64
		{469BFBFE-5A17-37FF-8B52-E322744FB6F7}.Release|x64.ActiveCfg = Release|x64
		{469BFBFE-5A17-37FF-8B52-E322744FB6F7}.Release|x64.Build.0 = Release|x64
		{469BFBFE-5A17-37FF-8B52-E322744FB6F7}.MinSizeRel|x64.ActiveCfg = MinSizeRel|x64
		{469BFBFE-5A17-37FF-8B52-E322744FB6F7}.MinSizeRel|x64.Build.0 = MinSizeRel|x64
		{469BFBFE-5A17-37FF-8B52-E322744FB6F7}.RelWithDebInfo|x64.ActiveCfg = RelWithDebInfo|x64
		{469BFBFE-5A17-37FF-8B52-E322744FB6F7}.RelWithDebInfo|x64.Build.0 = RelWithDebInfo|x64
		{B208E24E-1E01-3CAD-BF08-10B7609E0681}.Debug|x64.ActiveCfg = Debug|x64
		{B208E24E-1E01-3CAD-BF08-10B7609E0681}.Debug|x64.Build.0 = Debug|x64
		{B208E24E-1E01-3CAD-BF08-10B7609E0681}.Release|x64.ActiveCfg = Release|x64
		{B208E24E-1E01-3CAD-BF08-10B7609E0681}.Release|x64.Build.0 = Release|x64
		{B208E24E-1E01-3CAD-BF08-10B7609E0681}.MinSizeRel|x64.ActiveCfg = MinSizeRel|x64
		{B208E24E-1E01-3CAD-BF08-10B7609E0681}.MinSizeRel|x64.Build.0 = MinSizeRel|x64
		{B208E24E-1E01-3CAD-BF08-10B7609E0681}.RelWithDebInfo|x64.ActiveCfg = RelWithDebInfo|x64
		{B208E24E-1E01-3CAD-BF08-10B7609E0681}.RelWithDebInfo|x64.Build.0 = RelWithDebInfo|x64
		{FC181221-85C1-33C7-928F-64CE3C2144B0}.Debug|x64.ActiveCfg = Debug|x64
		{FC181221-85C1-33C7-928F-64CE3C2144B0}.Debug|x64.Build.0 = Debug|x64
		{FC181221-85C1-33C7-928F-64CE3C2144B0}.Release|x64.ActiveCfg = Release|x64
		{FC181221-85C1-33C7-928F-64CE3C2144B0}.Release|x64.Build.0 = Release|x64
		{FC181221-85C1-33C7-928F-64CE3C2144B0}.MinSizeRel|x64.ActiveCfg = MinSizeRel|x64
		{FC181221-85C1-33C7-928F-64CE3C2144B0}.MinSizeRel|x64.Build.0 = MinSizeRel|x64
		{FC181221-85C1-33C7-928F-64CE3C2144B0}.RelWithDebInfo|x64.ActiveCfg = RelWithDebInfo|x64
		{FC181221-85C1-33C7-928F-64CE3C2144B0}.RelWithDebInfo|x64.Build.0 = RelWithDebInfo|x64
		{9156024D-0E3F-3852-AAE7-87B1EAFE60D8}.Debug|x64.ActiveCfg = Debug|x64
		{9156024D-0E3F-3852-AAE7-87B1EAFE60D8}.Debug|x64.Build.0 = Debug|x64
		{9156024D-0E3F-3852-AAE7-87B1EAFE60D8}.Release|x64.ActiveCfg = Release|x64
		{9156024D-0E3F-3852-AAE7-87B1EAFE60D8}.Release|x64.Build.0 = Release|x64
		{9156024D-0E3F-3852-AAE7-87B1EAFE60D8}.MinSizeRel|x64.ActiveCfg = MinSizeRel|x64
		{9156024D-0E3F-3852-AAE7-87B1EAFE60D8}.MinSizeRel|x64.Build.0 = MinSizeRel|x64
		{9156024D-0E3F-3852-AAE7-87B1EAFE60D8}.RelWithDebInfo|x64.ActiveCfg = RelWithDebInfo|x64
		{9156024D-0E3F-3852-AAE7-87B1EAFE60D8}.RelWithDebInfo|x64.Build.0 = RelWithDebInfo|x64
		{6A26AE31-3746-35BD-8E82-DE42521E8A4C}.Debug|x64.ActiveCfg = Debug|x64
		{6A26AE31-3746-35BD-8E82-DE42521E8A4C}.Debug|x64.Build.0 = Debug|x64
		{6A26AE31-3746-35BD-8E82-DE42521E8A4C}.Release|x64.ActiveCfg = Release|x64
		{6A26AE31-3746-35BD-8E82-DE42521E8A4C}.Release|x64.Build.0 = Release|x64
		{6A26AE31-3746-35BD-8E82-DE42521E8A4C}.MinSizeRel|x64.ActiveCfg = MinSizeRel|x64
		{6A26AE31-3746-35BD-8E82-DE42521E8A4C}.MinSizeRel|x64.Build.0 = MinSizeRel|x64
		{6A26AE31-3746-35BD-8E82-DE42521E8A4C}.RelWithDebInfo|x64.ActiveCfg = RelWithDebInfo|x64
		{6A26AE31-3746-35BD-8E82-DE42521E8A4C}.RelWithDebInfo|x64.Build.0 = RelWithDebInfo|x64
		{B7E944EE-6567-3003-889F-191803BB6B05}.Debug|x64.ActiveCfg = Debug|x64
		{B7E944EE-6567-3003-889F-191803BB6B05}.Debug|x64.Build.0 = Debug|x64
		{B7E944EE-6567-3003-889F-191803BB6B05}.Release|x64.ActiveCfg = Release|x64
		{B7E944EE-6567-3003-889F-191803BB6B05}.Release|x64.Build.0 = Release|x64
		{B7E944EE-6567-3003-889F-191803BB6B05}.MinSizeRel|x64.ActiveCfg = MinSizeRel|x64
		{B7E944EE-6567-3003-889F-191803BB6B05}.MinSizeRel|x64.Build.0 = MinSizeRel|x64
		{B7E944EE-6567-3003-889F-191803BB6B05}.RelWithDebInfo|x64.ActiveCfg = RelWithDebInfo|x64
		{B7E944EE-6567-3003-889F-191803BB6B05}.RelWithDebInfo|x64.Build.0 = RelWithDebInfo|x64
		{019EC68C-7AB9-3637-9F32-E2725EEB58E7}.Debug|x64.ActiveCfg = Debug|x64
		{019EC68C-7AB9-3637-9F32-E2725EEB58E7}.Debug|x64.Build.0 = Debug|x64
		{019EC68C-7AB9-3637-9F32-E2725EEB58E7}.Release|x64.ActiveCfg = Release|x64
		{019EC68C-7AB9-3637-9F32-E2725EEB58E7}.Release|x64.Build.0 = Release|x64
		{019EC68C-7AB9-3637-9F32-E2725EEB58E7}.MinSizeRel|x64.ActiveCfg = MinSizeRel|x64
		{019EC68C-7AB9-3637-9F32-E2725EEB58E7}.MinSizeRel|x64.Build.0 = MinSizeRel|x64
		{019EC68C-7AB9-3637-9F32-E2725EEB58E7}.RelWithDebInfo|x64.ActiveCfg = RelWithDebInfo|x64
		{019EC68C-7AB9-3637-9F32-E2725EEB58E7}.RelWithDebInfo|x64.Build.0 = RelWithDebInfo|x64
		{509801D8-EA02-381E-BF38-87DBF61544E5}.Debug|x64.ActiveCfg = Debug|x64
		{509801D8-EA02-381E-BF38-87DBF61544E5}.Debug|x64.Build.0 = Debug|x64
		{509801D8-EA02-381E-BF38-87DBF61544E5}.Release|x64.ActiveCfg = Release|x64
		{509801D8-EA02-381E-BF38-87DBF61544E5}.Release|x64.Build.0 = Release|x64
		{509801D8-EA02-381E-BF38-87DBF61544E5}.MinSizeRel|x64.ActiveCfg = MinSizeRel|x64
		{509801D8-EA02-381E-BF38-87DBF61544E5}.MinSizeRel|x64.Build.0 = MinSizeRel|x64
		{509801D8-EA02-381E-BF38-87DBF61544E5}.RelWithDebInfo|x64.ActiveCfg = RelWithDebInfo|x64
		{509801D8-EA02-381E-BF38-87DBF61544E5}.RelWithDebInfo|x64.Build.0 = RelWithDebInfo|x64
		{D52BA461-514B-3FF7-A8FE-132D8FBA72F8}.Debug|x64.ActiveCfg = Debug|x64
		{D52BA461-514B-3FF7-A8FE-132D8FBA72F8}.Debug|x64.Build.0 = Debug|x64
		{D52BA461-514B-3FF7-A8FE-132D8FBA72F8}.Release|x64.ActiveCfg = Release|x64
		{D52BA461-514B-3FF7-A8FE-132D8FBA72F8}.Release|x64.Build.0 = Release|x64
		{D52BA461-514B-3FF7-A8FE-132D8FBA72F8}.MinSizeRel|x64.ActiveCfg = MinSizeRel|x64
		{D52BA461-514B-3FF7-A8FE-132D8FBA72F8}.MinSizeRel|x64.Build.0 = MinSizeRel|x64
		{D52BA461-514B-3FF7-A8FE-132D8FBA72F8}.RelWithDebInfo|x64.ActiveCfg = RelWithDebInfo|x64
		{D52BA461-514B-3FF7-A8FE-132D8FBA72F8}.RelWithDebInfo|x64.Build.0 = RelWithDebInfo|x64
		{95F464D3-36DC-30E2-9149-60C7D2CE6479}.Debug|x64.ActiveCfg = Debug|x64
		{95F464D3-36DC-30E2-9149-60C7D2CE6479}.Debug|x64.Build.0 = Debug|x64
		{95F464D3-36DC-30E2-9149-60C7D2CE6479}.Release|x64.ActiveCfg = Release|x64
		{95F464D3-36DC-30E2-9149-60C7D2CE6479}.Release|x64.Build.0 = Release|x64
		{95F464D3-36DC-30E2-9149-60C7D2CE6479}.MinSizeRel|x64.ActiveCfg = MinSizeRel|x64
		{95F464D3-36DC-30E2-9149-60C7D2CE6479}.MinSizeRel|x64.Build.0 = MinSizeRel|x64
		{95F464D3-36DC-30E2-9149-60C7D2CE6479}.RelWithDebInfo|x64.ActiveCfg = RelWithDebInfo|x64
		{95F464D3-36DC-30E2-9149-60C7D2CE6479}.RelWithDebInfo|x64.Build.0 = RelWithDebInfo|x64
		{75F1A7E9-0C53-3EF5-992E-C24B9F50931B}.Debug|x64.ActiveCfg = Debug|x64
		{75F1A7E9-0C53-3EF5-992E-C24B9F50931B}.Debug|x64.Build.0 = Debug|x64
		{75F1A7E9-0C53-3EF5-992E-C24B9F50931B}.Release|x64.ActiveCfg = Release|x64
		{75F1A7E9-0C53-3EF5-992E-C24B9F50931B}.Release|x64.Build.0 = Release|x64
		{75F1A7E9-0C53-3EF5-992E-C24B9F50931B}.MinSizeRel|x64.ActiveCfg = MinSizeRel|x64
		{75F1A7E9-0C53-3EF5-992E-C24B9F50931B}.MinSizeRel|x64.Build.0 = MinSizeRel|x64
		{75F1A7E9-0C53-3EF5-992E-C24B9F50931B}.RelWithDebInfo|x64.ActiveCfg = RelWithDebInfo|x64
		{75F1A7E9-0C53-3EF5-992E-C24B9F50931B}.RelWithDebInfo|x64.Build.0 = RelWithDebInfo|x64
		{4FBD66D4-902A-3375-9703-5B766A2BD0FC}.Debug|x64.ActiveCfg = Debug|x64
		{4FBD66D4-902A-3375-9703-5B766A2BD0FC}.Debug|x64.Build.0 = Debug|x64
		{4FBD66D4-902A-3375-9703-5B766A2BD0FC}.Release|x64.ActiveCfg = Release|x64
		{4FBD66D4-902A-3375-9703-5B766A2BD0FC}.Release|x64.Build.0 = Release|x64
		{4FBD66D4-902A-3375-9703-5B766A2BD0FC}.MinSizeRel|x64.ActiveCfg = MinSizeRel|x64
		{4FBD66D4-902A-3375-9703-5B766A2BD0FC}.MinSizeRel|x64.Build.0 = MinSizeRel|x64
		{4FBD66D4-902A-3375-9703-5B766A2BD0FC}.RelWithDebInfo|x64.ActiveCfg = RelWithDebInfo|x64
		{4FBD66D4-902A-3375-9703-5B766A2BD0FC}.RelWithDebInfo|x64.Build.0 = RelWithDebInfo|x64
		{4ABD456F-D4F5-37A4-A93A-758C56DD9AAA}.Debug|x64.ActiveCfg = Debug|x64
		{4ABD456F-D4F5-37A4-A93A-758C56DD9AAA}.Debug|x64.Build.0 = Debug|x64
		{4ABD456F-D4F5-37A4-A93A-758C56DD9AAA}.Release|x64.ActiveCfg = Release|x64
		{4ABD456F-D4F5-37A4-A93A-758C56DD9AAA}.Release|x64.Build.0 = Release|x64
		{4ABD456F-D4F5-37A4-A93A-758C56DD9AAA}.MinSizeRel|x64.ActiveCfg = MinSizeRel|x64
		{4ABD456F-D4F5-37A4-A93A-758C56DD9AAA}.MinSizeRel|x64.Build.0 = MinSizeRel|x64
		{4ABD456F-D4F5-37A4-A93A-758C56DD9AAA}.RelWithDebInfo|x64.ActiveCfg = RelWithDebInfo|x64
		{4ABD456F-D4F5-37A4-A93A-758C56DD9AAA}.RelWithDebInfo|x64.Build.0 = RelWithDebInfo|x64
		{73DE5204-BCE9-3E0C-AFE1-8D63C8B5683A}.Debug|x64.ActiveCfg = Debug|x64
		{73DE5204-BCE9-3E0C-AFE1-8D63C8B5683A}.Debug|x64.Build.0 = Debug|x64
		{73DE5204-BCE9-3E0C-AFE1-8D63C8B5683A}.Release|x64.ActiveCfg = Release|x64
		{73DE5204-BCE9-3E0C-AFE1-8D63C8B5683A}.Release|x64.Build.0 = Release|x64
		{73DE5204-BCE9-3E0C-AFE1-8D63C8B5683A}.MinSizeRel|x64.ActiveCfg = MinSizeRel|x64
		{73DE5204-BCE9-3E0C-AFE1-8D63C8B5683A}.MinSizeRel|x64.Build.0 = MinSizeRel|x64
		{73DE5204-BCE9-3E0C-AFE1-8D63C8B5683A}.RelWithDebInfo|x64.ActiveCfg = RelWithDebInfo|x64
		{73DE5204-BCE9-3E0C-AFE1-8D63C8B5683A}.RelWithDebInfo|x64.Build.0 = RelWithDebInfo|x64
		{0CD5578E-FB14-3094-9975-AA49EA5B257C}.Debug|x64.ActiveCfg = Debug|x64
		{0CD5578E-FB14-3094-9975-AA49EA5B257C}.Debug|x64.Build.0 = Debug|x64
		{0CD5578E-FB14-3094-9975-AA49EA5B257C}.Release|x64.ActiveCfg = Release|x64
		{0CD5578E-FB14-3094-9975-AA49EA5B257C}.Release|x64.Build.0 = Release|x64
		{0CD5578E-FB14-3094-9975-AA49EA5B257C}.MinSizeRel|x64.ActiveCfg = MinSizeRel|x64
		{0CD5578E-FB14-3094-9975-AA49EA5B257C}.MinSizeRel|x64.Build.0 = MinSizeRel|x64
		{0CD5578E-FB14-3094-9975-AA49EA5B257C}.RelWithDebInfo|x64.ActiveCfg = RelWithDebInfo|x64
		{0CD5578E-FB14-3094-9975-AA49EA5B257C}.RelWithDebInfo|x64.Build.0 = RelWithDebInfo|x64
		{9E659610-2F3B-39CA-B9D1-A0804F7B1BAB}.Debug|x64.ActiveCfg = Debug|x64
		{9E659610-2F3B-39CA-B9D1-A0804F7B1BAB}.Release|x64.ActiveCfg = Release|x64
		{9E659610-2F3B-39CA-B9D1-A0804F7B1BAB}.MinSizeRel|x64.ActiveCfg = MinSizeRel|x64
		{9E659610-2F3B-39CA-B9D1-A0804F7B1BAB}.RelWithDebInfo|x64.ActiveCfg = RelWithDebInfo|x64
		{02F14A5A-D788-33CF-89A6-EB4B7302D443}.Debug|x64.ActiveCfg = Debug|x64
		{02F14A5A-D788-33CF-89A6-EB4B7302D443}.Release|x64.ActiveCfg = Release|x64
		{02F14A5A-D788-33CF-89A6-EB4B7302D443}.MinSizeRel|x64.ActiveCfg = MinSizeRel|x64
		{02F14A5A-D788-33CF-89A6-EB4B7302D443}.RelWithDebInfo|x64.ActiveCfg = RelWithDebInfo|x64
		{EB0ABDDB-AC27-35CB-A1A0-96300F732E80}.Debug|x64.ActiveCfg = Debug|x64
		{EB0ABDDB-AC27-35CB-A1A0-96300F732E80}.Release|x64.ActiveCfg = Release|x64
		{EB0ABDDB-AC27-35CB-A1A0-96300F732E80}.MinSizeRel|x64.ActiveCfg = MinSizeRel|x64
		{EB0ABDDB-AC27-35CB-A1A0-96300F732E80}.RelWithDebInfo|x64.ActiveCfg = RelWithDebInfo|x64
		{B775F7D0-693D-3883-9F06-808371BDC8B5}.Debug|x64.ActiveCfg = Debug|x64
		{B775F7D0-693D-3883-9F06-808371BDC8B5}.Debug|x64.Build.0 = Debug|x64
		{B775F7D0-693D-3883-9F06-808371BDC8B5}.Release|x64.ActiveCfg = Release|x64
		{B775F7D0-693D-3883-9F06-808371BDC8B5}.Release|x64.Build.0 = Release|x64
		{B775F7D0-693D-3883-9F06-808371BDC8B5}.MinSizeRel|x64.ActiveCfg = MinSizeRel|x64
		{B775F7D0-693D-3883-9F06-808371BDC8B5}.MinSizeRel|x64.Build.0 = MinSizeRel|x64
		{B775F7D0-693D-3883-9F06-808371BDC8B5}.RelWithDebInfo|x64.ActiveCfg = RelWithDebInfo|x64
		{B775F7D0-693D-3883-9F06-808371BDC8B5}.RelWithDebInfo|x64.Build.0 = RelWithDebInfo|x64
		{8D82C10D-BD6B-3A65-B912-FE766EAB5273}.Debug|x64.ActiveCfg = Debug|x64
		{8D82C10D-BD6B-3A65-B912-FE766EAB5273}.Debug|x64.Build.0 = Debug|x64
		{8D82C10D-BD6B-3A65-B912-FE766EAB5273}.Release|x64.ActiveCfg = Release|x64
		{8D82C10D-BD6B-3A65-B912-FE766EAB5273}.Release|x64.Build.0 = Release|x64
		{8D82C10D-BD6B-3A65-B912-FE766EAB5273}.MinSizeRel|x64.ActiveCfg = MinSizeRel|x64
		{8D82C10D-BD6B-3A65-B912-FE766EAB5273}.MinSizeRel|x64.Build.0 = MinSizeRel|x64
		{8D82C10D-BD6B-3A65-B912-FE766EAB5273}.RelWithDebInfo|x64.ActiveCfg = RelWithDebInfo|x64
		{8D82C10D-BD6B-3A65-B912-FE766EAB5273}.RelWithDebInfo|x64.Build.0 = RelWithDebInfo|x64
		{E0402E4F-6162-33B6-8C1F-4FBC93F0F7A2}.Debug|x64.ActiveCfg = Debug|x64
		{E0402E4F-6162-33B6-8C1F-4FBC93F0F7A2}.Debug|x64.Build.0 = Debug|x64
		{E0402E4F-6162-33B6-8C1F-4FBC93F0F7A2}.Release|x64.ActiveCfg = Release|x64
		{E0402E4F-6162-33B6-8C1F-4FBC93F0F7A2}.Release|x64.Build.0 = Release|x64
		{E0402E4F-6162-33B6-8C1F-4FBC93F0F7A2}.MinSizeRel|x64.ActiveCfg = MinSizeRel|x64
		{E0402E4F-6162-33B6-8C1F-4FBC93F0F7A2}.MinSizeRel|x64.Build.0 = MinSizeRel|x64
		{E0402E4F-6162-33B6-8C1F-4FBC93F0F7A2}.RelWithDebInfo|x64.ActiveCfg = RelWithDebInfo|x64
		{E0402E4F-6162-33B6-8C1F-4FBC93F0F7A2}.RelWithDebInfo|x64.Build.0 = RelWithDebInfo|x64
		{2DBA7090-8A29-3F71-B7D5-0120DB053F3A}.Debug|x64.ActiveCfg = Debug|x64
		{2DBA7090-8A29-3F71-B7D5-0120DB053F3A}.Debug|x64.Build.0 = Debug|x64
		{2DBA7090-8A29-3F71-B7D5-0120DB053F3A}.Release|x64.ActiveCfg = Release|x64
		{2DBA7090-8A29-3F71-B7D5-0120DB053F3A}.Release|x64.Build.0 = Release|x64
		{2DBA7090-8A29-3F71-B7D5-0120DB053F3A}.MinSizeRel|x64.ActiveCfg = MinSizeRel|x64
		{2DBA7090-8A29-3F71-B7D5-0120DB053F3A}.MinSizeRel|x64.Build.0 = MinSizeRel|x64
		{2DBA7090-8A29-3F71-B7D5-0120DB053F3A}.RelWithDebInfo|x64.ActiveCfg = RelWithDebInfo|x64
		{2DBA7090-8A29-3F71-B7D5-0120DB053F3A}.RelWithDebInfo|x64.Build.0 = RelWithDebInfo|x64
		{FD34EB98-DE24-3F28-8B77-E0190976C7D6}.Debug|x64.ActiveCfg = Debug|x64
		{FD34EB98-DE24-3F28-8B77-E0190976C7D6}.Debug|x64.Build.0 = Debug|x64
		{FD34EB98-DE24-3F28-8B77-E0190976C7D6}.Release|x64.ActiveCfg = Release|x64
		{FD34EB98-DE24-3F28-8B77-E0190976C7D6}.Release|x64.Build.0 = Release|x64
		{FD34EB98-DE24-3F28-8B77-E0190976C7D6}.MinSizeRel|x64.ActiveCfg = MinSizeRel|x64
		{FD34EB98-DE24-3F28-8B77-E0190976C7D6}.MinSizeRel|x64.Build.0 = MinSizeRel|x64
		{FD34EB98-DE24-3F28-8B77-E0190976C7D6}.RelWithDebInfo|x64.ActiveCfg = RelWithDebInfo|x64
		{FD34EB98-DE24-3F28-8B77-E0190976C7D6}.RelWithDebInfo|x64.Build.0 = RelWithDebInfo|x64
		{807B859B-8070-364A-B69C-F78E23BEC7F8}.Debug|x64.ActiveCfg = Debug|x64
		{807B859B-8070-364A-B69C-F78E23BEC7F8}.Release|x64.ActiveCfg = Release|x64
		{807B859B-8070-364A-B69C-F78E23BEC7F8}.MinSizeRel|x64.ActiveCfg = MinSizeRel|x64
		{807B859B-8070-364A-B69C-F78E23BEC7F8}.RelWithDebInfo|x64.ActiveCfg = RelWithDebInfo|x64
		{F6C32849-5F33-3390-B4CC-46CF7E35B30A}.Debug|x64.ActiveCfg = Debug|x64
		{F6C32849-5F33-3390-B4CC-46CF7E35B30A}.Debug|x64.Build.0 = Debug|x64
		{F6C32849-5F33-3390-B4CC-46CF7E35B30A}.Release|x64.ActiveCfg = Release|x64
		{F6C32849-5F33-3390-B4CC-46CF7E35B30A}.Release|x64.Build.0 = Release|x64
		{F6C32849-5F33-3390-B4CC-46CF7E35B30A}.MinSizeRel|x64.ActiveCfg = MinSizeRel|x64
		{F6C32849-5F33-3390-B4CC-46CF7E35B30A}.MinSizeRel|x64.Build.0 = MinSizeRel|x64
		{F6C32849-5F33-3390-B4CC-46CF7E35B30A}.RelWithDebInfo|x64.ActiveCfg = RelWithDebInfo|x64
		{F6C32849-5F33-3390-B4CC-46CF7E35B30A}.RelWithDebInfo|x64.Build.0 = RelWithDebInfo|x64
		{38CF567B-9922-3892-9FBC-3A3AFA0557AA}.Debug|x64.ActiveCfg = Debug|x64
		{38CF567B-9922-3892-9FBC-3A3AFA0557AA}.Debug|x64.Build.0 = Debug|x64
		{38CF567B-9922-3892-9FBC-3A3AFA0557AA}.Release|x64.ActiveCfg = Release|x64
		{38CF567B-9922-3892-9FBC-3A3AFA0557AA}.Release|x64.Build.0 = Release|x64
		{38CF567B-9922-3892-9FBC-3A3AFA0557AA}.MinSizeRel|x64.ActiveCfg = MinSizeRel|x64
		{38CF567B-9922-3892-9FBC-3A3AFA0557AA}.MinSizeRel|x64.Build.0 = MinSizeRel|x64
		{38CF567B-9922-3892-9FBC-3A3AFA0557AA}.RelWithDebInfo|x64.ActiveCfg = RelWithDebInfo|x64
		{38CF567B-9922-3892-9FBC-3A3AFA0557AA}.RelWithDebInfo|x64.Build.0 = RelWithDebInfo|x64
		{1E4123B3-855A-3226-B552-C331AC27640B}.Debug|x64.ActiveCfg = Debug|x64
		{1E4123B3-855A-3226-B552-C331AC27640B}.Debug|x64.Build.0 = Debug|x64
		{1E4123B3-855A-3226-B552-C331AC27640B}.Release|x64.ActiveCfg = Release|x64
		{1E4123B3-855A-3226-B552-C331AC27640B}.Release|x64.Build.0 = Release|x64
		{1E4123B3-855A-3226-B552-C331AC27640B}.MinSizeRel|x64.ActiveCfg = MinSizeRel|x64
		{1E4123B3-855A-3226-B552-C331AC27640B}.MinSizeRel|x64.Build.0 = MinSizeRel|x64
		{1E4123B3-855A-3226-B552-C331AC27640B}.RelWithDebInfo|x64.ActiveCfg = RelWithDebInfo|x64
		{1E4123B3-855A-3226-B552-C331AC27640B}.RelWithDebInfo|x64.Build.0 = RelWithDebInfo|x64
		{657697E6-DDEA-3A67-903F-14817A52A35F}.Debug|x64.ActiveCfg = Debug|x64
		{657697E6-DDEA-3A67-903F-14817A52A35F}.Debug|x64.Build.0 = Debug|x64
		{657697E6-DDEA-3A67-903F-14817A52A35F}.Release|x64.ActiveCfg = Release|x64
		{657697E6-DDEA-3A67-903F-14817A52A35F}.Release|x64.Build.0 = Release|x64
		{657697E6-DDEA-3A67-903F-14817A52A35F}.MinSizeRel|x64.ActiveCfg = MinSizeRel|x64
		{657697E6-DDEA-3A67-903F-14817A52A35F}.MinSizeRel|x64.Build.0 = MinSizeRel|x64
		{657697E6-DDEA-3A67-903F-14817A52A35F}.RelWithDebInfo|x64.ActiveCfg = RelWithDebInfo|x64
		{657697E6-DDEA-3A67-903F-14817A52A35F}.RelWithDebInfo|x64.Build.0 = RelWithDebInfo|x64
		{17E83C92-9A42-3ECF-80EF-B3A824FD4C72}.Debug|x64.ActiveCfg = Debug|x64
		{17E83C92-9A42-3ECF-80EF-B3A824FD4C72}.Debug|x64.Build.0 = Debug|x64
		{17E83C92-9A42-3ECF-80EF-B3A824FD4C72}.Release|x64.ActiveCfg = Release|x64
		{17E83C92-9A42-3ECF-80EF-B3A824FD4C72}.Release|x64.Build.0 = Release|x64
		{17E83C92-9A42-3ECF-80EF-B3A824FD4C72}.MinSizeRel|x64.ActiveCfg = MinSizeRel|x64
		{17E83C92-9A42-3ECF-80EF-B3A824FD4C72}.MinSizeRel|x64.Build.0 = MinSizeRel|x64
		{17E83C92-9A42-3ECF-80EF-B3A824FD4C72}.RelWithDebInfo|x64.ActiveCfg = RelWithDebInfo|x64
		{17E83C92-9A42-3ECF-80EF-B3A824FD4C72}.RelWithDebInfo|x64.Build.0 = RelWithDebInfo|x64
		{5E769981-2C1A-3BA9-9835-14DA9214725E}.Debug|x64.ActiveCfg = Debug|x64
		{5E769981-2C1A-3BA9-9835-14DA9214725E}.Release|x64.ActiveCfg = Release|x64
		{5E769981-2C1A-3BA9-9835-14DA9214725E}.MinSizeRel|x64.ActiveCfg = MinSizeRel|x64
		{5E769981-2C1A-3BA9-9835-14DA9214725E}.RelWithDebInfo|x64.ActiveCfg = RelWithDebInfo|x64
	EndGlobalSection
	GlobalSection(ExtensibilityGlobals) = postSolution
		SolutionGuid = {8E0E6629-05D0-3816-8585-9F188B2BE864}
	EndGlobalSection
	GlobalSection(ExtensibilityAddIns) = postSolution
	EndGlobalSection
EndGlobal
