<?xml version="1.0" encoding="utf-8"?>
<Project ToolsVersion="17.0" xmlns="http://schemas.microsoft.com/developer/msbuild/2003">
  <ItemGroup>
    <CustomBuild Include="D:\文件存放处\codex\Caesura(AmeKAG)\build-current-verify\CMakeFiles\76d67998138093180d93be5a3ff1ee30\RUN_TESTS_force.rule">
      <Filter>CMake Rules</Filter>
    </CustomBuild>
  </ItemGroup>
  <ItemGroup>
    <Filter Include="CMake Rules">
      <UniqueIdentifier>{986AF2E5-6076-32C7-9213-46ABE526DEE9}</UniqueIdentifier>
    </Filter>
  </ItemGroup>
</Project>
